// !$*UTF8*$!
{
	archiveVersion = 1;
	classes = {
	};
	objectVersion = 50;
	objects = {

/* Begin PBXBuildFile section */
		D6174278241688FE00DB9127 /* UIImage.swift in Sources */ = {isa = PBXBuildFile; fileRef = D6174277241688FE00DB9127 /* UIImage.swift */; };
		D61A73EF240CDF6600EF0642 /* AbstractionLayer.swift in Sources */ = {isa = PBXBuildFile; fileRef = D61A73EE240CDF6600EF0642 /* AbstractionLayer.swift */; };
		D6466F00243873A80058B674 /* Collector.swift in Sources */ = {isa = PBXBuildFile; fileRef = D6466EFF243873A80058B674 /* Collector.swift */; };
		D64780432422564E00325012 /* SaveFileViewController.swift in Sources */ = {isa = PBXBuildFile; fileRef = D64780422422564E00325012 /* SaveFileViewController.swift */; };
		D64E5F06240E9DF40012DEF4 /* Icon-76@2x.png in Resources */ = {isa = PBXBuildFile; fileRef = D64E5EF4240E9DF30012DEF4 /* Icon-76@2x.png */; };
		D64E5F07240E9DF40012DEF4 /* Icon-83.5@2x.png in Resources */ = {isa = PBXBuildFile; fileRef = D64E5EF5240E9DF30012DEF4 /* Icon-83.5@2x.png */; };
		D64E5F08240E9DF40012DEF4 /* Icon@2x.png in Resources */ = {isa = PBXBuildFile; fileRef = D64E5EF6240E9DF30012DEF4 /* Icon@2x.png */; };
		D64E5F09240E9DF40012DEF4 /* Icon-Small@2x.png in Resources */ = {isa = PBXBuildFile; fileRef = D64E5EF7240E9DF30012DEF4 /* Icon-Small@2x.png */; };
		D64E5F0A240E9DF40012DEF4 /* Icon-60@3x.png in Resources */ = {isa = PBXBuildFile; fileRef = D64E5EF8240E9DF30012DEF4 /* Icon-60@3x.png */; };
		D64E5F0B240E9DF50012DEF4 /* Icon-Small-40@3x.png in Resources */ = {isa = PBXBuildFile; fileRef = D64E5EF9240E9DF30012DEF4 /* Icon-Small-40@3x.png */; };
		D64E5F0C240E9DF50012DEF4 /* Icon-60@2x.png in Resources */ = {isa = PBXBuildFile; fileRef = D64E5EFA240E9DF40012DEF4 /* Icon-60@2x.png */; };
		D64E5F0D240E9DF50012DEF4 /* Icon-Small-50@2x.png in Resources */ = {isa = PBXBuildFile; fileRef = D64E5EFB240E9DF40012DEF4 /* Icon-Small-50@2x.png */; };
		D64E5F0E240E9DF50012DEF4 /* Icon-Small@3x.png in Resources */ = {isa = PBXBuildFile; fileRef = D64E5EFC240E9DF40012DEF4 /* Icon-Small@3x.png */; };
		D64E5F0F240E9DF50012DEF4 /* Icon-Small-40@2x.png in Resources */ = {isa = PBXBuildFile; fileRef = D64E5EFD240E9DF40012DEF4 /* Icon-Small-40@2x.png */; };
		D64E5F10240E9DF50012DEF4 /* iTunesArtwork@2x.png in Resources */ = {isa = PBXBuildFile; fileRef = D64E5EFE240E9DF40012DEF4 /* iTunesArtwork@2x.png */; };
		D64E5F11240E9DF50012DEF4 /* Icon-Small-40.png in Resources */ = {isa = PBXBuildFile; fileRef = D64E5EFF240E9DF40012DEF4 /* Icon-Small-40.png */; };
		D64E5F12240E9DF50012DEF4 /* Icon-Small.png in Resources */ = {isa = PBXBuildFile; fileRef = D64E5F00240E9DF40012DEF4 /* Icon-Small.png */; };
		D64E5F13240E9DF50012DEF4 /* Icon-76.png in Resources */ = {isa = PBXBuildFile; fileRef = D64E5F01240E9DF40012DEF4 /* Icon-76.png */; };
		D64E5F14240E9DF50012DEF4 /* Icon.png in Resources */ = {isa = PBXBuildFile; fileRef = D64E5F02240E9DF40012DEF4 /* Icon.png */; };
		D64E5F15240E9DF50012DEF4 /* Icon-72@2x.png in Resources */ = {isa = PBXBuildFile; fileRef = D64E5F03240E9DF40012DEF4 /* Icon-72@2x.png */; };
		D64E5F16240E9DF50012DEF4 /* Icon-Small-50.png in Resources */ = {isa = PBXBuildFile; fileRef = D64E5F04240E9DF40012DEF4 /* Icon-Small-50.png */; };
		D64E5F17240E9DF50012DEF4 /* Icon-72.png in Resources */ = {isa = PBXBuildFile; fileRef = D64E5F05240E9DF40012DEF4 /* Icon-72.png */; };
		D6595225242C98B600C6F0FC /* DoubleLong.swift in Sources */ = {isa = PBXBuildFile; fileRef = D6595224242C98B600C6F0FC /* DoubleLong.swift */; };
		D65CA75C2418C2E300D9BC87 /* TypeSetConstants.swift in Sources */ = {isa = PBXBuildFile; fileRef = D65CA75B2418C2E300D9BC87 /* TypeSetConstants.swift */; };
		D65D0003240A7466006E35E5 /* SettingsStoryboard.storyboard in Resources */ = {isa = PBXBuildFile; fileRef = D65D0001240A7466006E35E5 /* SettingsStoryboard.storyboard */; };
		D65D0004240A7466006E35E5 /* OptionsViewController.swift in Sources */ = {isa = PBXBuildFile; fileRef = D65D0002240A7466006E35E5 /* OptionsViewController.swift */; };
		D65D0010240A74A1006E35E5 /* CardSuperview.swift in Sources */ = {isa = PBXBuildFile; fileRef = D65D000B240A74A1006E35E5 /* CardSuperview.swift */; };
		D65D0011240A74A1006E35E5 /* CardView.swift in Sources */ = {isa = PBXBuildFile; fileRef = D65D000C240A74A1006E35E5 /* CardView.swift */; };
		D65D0012240A74A1006E35E5 /* BackCardView.swift in Sources */ = {isa = PBXBuildFile; fileRef = D65D000D240A74A1006E35E5 /* BackCardView.swift */; };
		D65D0013240A74A1006E35E5 /* CardView.xib in Resources */ = {isa = PBXBuildFile; fileRef = D65D000E240A74A1006E35E5 /* CardView.xib */; };
		D65D0014240A74A1006E35E5 /* FrontCardView.swift in Sources */ = {isa = PBXBuildFile; fileRef = D65D000F240A74A1006E35E5 /* FrontCardView.swift */; };
		D65D001A240A74BF006E35E5 /* CardSelection.storyboard in Resources */ = {isa = PBXBuildFile; fileRef = D65D0016240A74BF006E35E5 /* CardSelection.storyboard */; };
		D65D001B240A74BF006E35E5 /* CardSelectionCell.swift in Sources */ = {isa = PBXBuildFile; fileRef = D65D0017240A74BF006E35E5 /* CardSelectionCell.swift */; };
		D65D001C240A74BF006E35E5 /* CardSelectionViewController.swift in Sources */ = {isa = PBXBuildFile; fileRef = D65D0018240A74BF006E35E5 /* CardSelectionViewController.swift */; };
		D65D001D240A74BF006E35E5 /* CardSelectionNavigationController.swift in Sources */ = {isa = PBXBuildFile; fileRef = D65D0019240A74BF006E35E5 /* CardSelectionNavigationController.swift */; };
		D65D0023240A74DE006E35E5 /* ItemDetailViewController.swift in Sources */ = {isa = PBXBuildFile; fileRef = D65D001F240A74DE006E35E5 /* ItemDetailViewController.swift */; };
		D65D0024240A74DE006E35E5 /* Notes.storyboard in Resources */ = {isa = PBXBuildFile; fileRef = D65D0020240A74DE006E35E5 /* Notes.storyboard */; };
		D65D0025240A74DE006E35E5 /* ItemListTableViewCell.swift in Sources */ = {isa = PBXBuildFile; fileRef = D65D0021240A74DE006E35E5 /* ItemListTableViewCell.swift */; };
		D65D0026240A74DE006E35E5 /* NotesTableViewController.swift in Sources */ = {isa = PBXBuildFile; fileRef = D65D0022240A74DE006E35E5 /* NotesTableViewController.swift */; };
		D65D0050240A767B006E35E5 /* EmotionItems.swift in Sources */ = {isa = PBXBuildFile; fileRef = D65D004D240A767B006E35E5 /* EmotionItems.swift */; };
		D65D0051240A767B006E35E5 /* Card.swift in Sources */ = {isa = PBXBuildFile; fileRef = D65D004E240A767B006E35E5 /* Card.swift */; };
		D65D0052240A767B006E35E5 /* Worksheet.swift in Sources */ = {isa = PBXBuildFile; fileRef = D65D004F240A767B006E35E5 /* Worksheet.swift */; };
		D65DFAEA240A6F31006E35E5 /* Main.storyboard in Resources */ = {isa = PBXBuildFile; fileRef = D65DFAE8240A6F31006E35E5 /* Main.storyboard */; };
		D65DFAEC240A6F32006E35E5 /* Assets.xcassets in Resources */ = {isa = PBXBuildFile; fileRef = D65DFAEB240A6F32006E35E5 /* Assets.xcassets */; };
		D65DFAFB240A6FBA006E35E5 /* FileManager.swift in Sources */ = {isa = PBXBuildFile; fileRef = D65DFAF7240A6FBA006E35E5 /* FileManager.swift */; };
		D65DFAFC240A6FBA006E35E5 /* String.swift in Sources */ = {isa = PBXBuildFile; fileRef = D65DFAF8240A6FBA006E35E5 /* String.swift */; };
		D65DFAFD240A6FBA006E35E5 /* UIView.swift in Sources */ = {isa = PBXBuildFile; fileRef = D65DFAF9240A6FBA006E35E5 /* UIView.swift */; };
		D65DFAFE240A6FBA006E35E5 /* UIViewController.swift in Sources */ = {isa = PBXBuildFile; fileRef = D65DFAFA240A6FBA006E35E5 /* UIViewController.swift */; };
		D65DFB11240A6FC9006E35E5 /* ActivityNavigationController.swift in Sources */ = {isa = PBXBuildFile; fileRef = D65DFB07240A6FC9006E35E5 /* ActivityNavigationController.swift */; };
		D65DFB12240A6FC9006E35E5 /* CelebrationView.swift in Sources */ = {isa = PBXBuildFile; fileRef = D65DFB08240A6FC9006E35E5 /* CelebrationView.swift */; };
		D65DFB13240A6FC9006E35E5 /* CloseView.swift in Sources */ = {isa = PBXBuildFile; fileRef = D65DFB09240A6FC9006E35E5 /* CloseView.swift */; };
		D65DFB14240A6FC9006E35E5 /* LessonImagesStackView.swift in Sources */ = {isa = PBXBuildFile; fileRef = D65DFB0B240A6FC9006E35E5 /* LessonImagesStackView.swift */; };
		D65DFB15240A6FC9006E35E5 /* LessonImagesViewController.storyboard in Resources */ = {isa = PBXBuildFile; fileRef = D65DFB0C240A6FC9006E35E5 /* LessonImagesViewController.storyboard */; };
		D65DFB16240A6FC9006E35E5 /* LessonImagesViewController.swift in Sources */ = {isa = PBXBuildFile; fileRef = D65DFB0D240A6FC9006E35E5 /* LessonImagesViewController.swift */; };
		D65DFB17240A6FC9006E35E5 /* LessonNamesViewController.swift in Sources */ = {isa = PBXBuildFile; fileRef = D65DFB0E240A6FC9006E35E5 /* LessonNamesViewController.swift */; };
		D65DFB18240A6FC9006E35E5 /* LessonViewController.swift in Sources */ = {isa = PBXBuildFile; fileRef = D65DFB0F240A6FC9006E35E5 /* LessonViewController.swift */; };
		D65DFB19240A6FC9006E35E5 /* MultipleChoiceViewController.swift in Sources */ = {isa = PBXBuildFile; fileRef = D65DFB10240A6FC9006E35E5 /* MultipleChoiceViewController.swift */; };
		D65DFC95240A71FC006E35E5 /* TabBarController.swift in Sources */ = {isa = PBXBuildFile; fileRef = D65DFC94240A71FC006E35E5 /* TabBarController.swift */; };
		D65DFC97240A721E006E35E5 /* AppDelegate.swift in Sources */ = {isa = PBXBuildFile; fileRef = D65DFC96240A721E006E35E5 /* AppDelegate.swift */; };
		D65DFC99240A723C006E35E5 /* LaunchScreen.storyboard in Resources */ = {isa = PBXBuildFile; fileRef = D65DFC98240A723C006E35E5 /* LaunchScreen.storyboard */; };
		D65DFF96240A7394006E35E5 /* WorkSheet.storyboard in Resources */ = {isa = PBXBuildFile; fileRef = D65DFF92240A7394006E35E5 /* WorkSheet.storyboard */; };
		D65DFF98240A7394006E35E5 /* WorksheetViewController.swift in Sources */ = {isa = PBXBuildFile; fileRef = D65DFF94240A7394006E35E5 /* WorksheetViewController.swift */; };
		D65DFF9D240A73A1006E35E5 /* AccessBoardViewController.swift in Sources */ = {isa = PBXBuildFile; fileRef = D65DFF9B240A73A1006E35E5 /* AccessBoardViewController.swift */; };
		D65DFF9E240A73A1006E35E5 /* AccessibleInput.storyboard in Resources */ = {isa = PBXBuildFile; fileRef = D65DFF9C240A73A1006E35E5 /* AccessibleInput.storyboard */; };
		D65DFFA4240A73C1006E35E5 /* CloseViewController.swift in Sources */ = {isa = PBXBuildFile; fileRef = D65DFFA0240A73C1006E35E5 /* CloseViewController.swift */; };
		D65DFFA5240A73C1006E35E5 /* ImageServer.swift in Sources */ = {isa = PBXBuildFile; fileRef = D65DFFA1240A73C1006E35E5 /* ImageServer.swift */; };
		D65DFFA6240A73C1006E35E5 /* ImagingHelper.swift in Sources */ = {isa = PBXBuildFile; fileRef = D65DFFA2240A73C1006E35E5 /* ImagingHelper.swift */; };
		D65DFFA7240A73C1006E35E5 /* ImageCloseUp.storyboard in Resources */ = {isa = PBXBuildFile; fileRef = D65DFFA3240A73C1006E35E5 /* ImageCloseUp.storyboard */; };
		D65DFFAC240A73EA006E35E5 /* PDFViewController.swift in Sources */ = {isa = PBXBuildFile; fileRef = D65DFFA9240A73EA006E35E5 /* PDFViewController.swift */; };
		D65DFFAD240A73EA006E35E5 /* PDFStoryboard.storyboard in Resources */ = {isa = PBXBuildFile; fileRef = D65DFFAA240A73EA006E35E5 /* PDFStoryboard.storyboard */; };
		D66EE105243629D9008DB08A /* Introduction.pdf in Resources */ = {isa = PBXBuildFile; fileRef = D66EE104243629D8008DB08A /* Introduction.pdf */; };
		D677D94C2423901E00FAF647 /* Instructions.storyboard in Resources */ = {isa = PBXBuildFile; fileRef = D677D94B2423901E00FAF647 /* Instructions.storyboard */; };
		D677D94E2423903100FAF647 /* InstructionsViewController.swift in Sources */ = {isa = PBXBuildFile; fileRef = D677D94D2423903100FAF647 /* InstructionsViewController.swift */; };
		D67BE756241BAE0000AE2F92 /* UIStackView.swift in Sources */ = {isa = PBXBuildFile; fileRef = D67BE755241BAE0000AE2F92 /* UIStackView.swift */; };
		D693C75B2418A670000A6CDB /* PDFSuperView.swift in Sources */ = {isa = PBXBuildFile; fileRef = D693C75A2418A670000A6CDB /* PDFSuperView.swift */; };
		D693C75D2418A6AC000A6CDB /* HeartHandbookPDF.swift in Sources */ = {isa = PBXBuildFile; fileRef = D693C75C2418A6AC000A6CDB /* HeartHandbookPDF.swift */; };
		D693C7612418A6E6000A6CDB /* LearnerLogPDF.swift in Sources */ = {isa = PBXBuildFile; fileRef = D693C7602418A6E6000A6CDB /* LearnerLogPDF.swift */; };
		D69AA85D2439D3D400E6A391 /* Chuffed.pdf in Resources */ = {isa = PBXBuildFile; fileRef = D69AA84E2439D3D300E6A391 /* Chuffed.pdf */; };
		D69AA85E2439D3D400E6A391 /* Spoilt.pdf in Resources */ = {isa = PBXBuildFile; fileRef = D69AA84F2439D3D300E6A391 /* Spoilt.pdf */; };
		D69AA85F2439D3D400E6A391 /* Thrilled.pdf in Resources */ = {isa = PBXBuildFile; fileRef = D69AA8502439D3D300E6A391 /* Thrilled.pdf */; };
		D69AA8602439D3D400E6A391 /* Grudging.pdf in Resources */ = {isa = PBXBuildFile; fileRef = D69AA8512439D3D300E6A391 /* Grudging.pdf */; };
		D69AA8612439D3D400E6A391 /* Gracious.pdf in Resources */ = {isa = PBXBuildFile; fileRef = D69AA8522439D3D300E6A391 /* Gracious.pdf */; };
		D69AA8622439D3D400E6A391 /* Sheepish.pdf in Resources */ = {isa = PBXBuildFile; fileRef = D69AA8532439D3D300E6A391 /* Sheepish.pdf */; };
		D69AA8632439D3D400E6A391 /* Driven.pdf in Resources */ = {isa = PBXBuildFile; fileRef = D69AA8542439D3D300E6A391 /* Driven.pdf */; };
		D69AA8642439D3D400E6A391 /* Useless.pdf in Resources */ = {isa = PBXBuildFile; fileRef = D69AA8552439D3D300E6A391 /* Useless.pdf */; };
		D69AA8652439D3D400E6A391 /* Annoyed.pdf in Resources */ = {isa = PBXBuildFile; fileRef = D69AA8562439D3D400E6A391 /* Annoyed.pdf */; };
		D69AA8662439D3D400E6A391 /* Mean.pdf in Resources */ = {isa = PBXBuildFile; fileRef = D69AA8572439D3D400E6A391 /* Mean.pdf */; };
		D69AA8672439D3D400E6A391 /* Wobbly.pdf in Resources */ = {isa = PBXBuildFile; fileRef = D69AA8582439D3D400E6A391 /* Wobbly.pdf */; };
		D69AA8682439D3D400E6A391 /* Patient.pdf in Resources */ = {isa = PBXBuildFile; fileRef = D69AA8592439D3D400E6A391 /* Patient.pdf */; };
		D69AA8692439D3D400E6A391 /* Flat.pdf in Resources */ = {isa = PBXBuildFile; fileRef = D69AA85A2439D3D400E6A391 /* Flat.pdf */; };
		D69AA86A2439D3D400E6A391 /* Included.pdf in Resources */ = {isa = PBXBuildFile; fileRef = D69AA85B2439D3D400E6A391 /* Included.pdf */; };
		D69AA86B2439D3D400E6A391 /* Caring.pdf in Resources */ = {isa = PBXBuildFile; fileRef = D69AA85C2439D3D400E6A391 /* Caring.pdf */; };
		D69AA8702439D47000E6A391 /* meFirst.pdf in Resources */ = {isa = PBXBuildFile; fileRef = D69AA86C2439D46F00E6A391 /* meFirst.pdf */; };
		D69AA8712439D47000E6A391 /* connectingMe.pdf in Resources */ = {isa = PBXBuildFile; fileRef = D69AA86D2439D46F00E6A391 /* connectingMe.pdf */; };
		D69AA8722439D47000E6A391 /* protectingMe.pdf in Resources */ = {isa = PBXBuildFile; fileRef = D69AA86E2439D46F00E6A391 /* protectingMe.pdf */; };
		D69AA8732439D47000E6A391 /* stretchingMe.pdf in Resources */ = {isa = PBXBuildFile; fileRef = D69AA86F2439D46F00E6A391 /* stretchingMe.pdf */; };
		D6C3B3D1241F8B8B00806FE5 /* Content.pdf in Resources */ = {isa = PBXBuildFile; fileRef = D6C3B3C7241F8B8B00806FE5 /* Content.pdf */; };
		D6C3B3D2241F8B8B00806FE5 /* Empathetic Joy.pdf in Resources */ = {isa = PBXBuildFile; fileRef = D6C3B3C8241F8B8B00806FE5 /* Empathetic Joy.pdf */; };
		D6C3B3D3241F8B8B00806FE5 /* Compassionate.pdf in Resources */ = {isa = PBXBuildFile; fileRef = D6C3B3C9241F8B8B00806FE5 /* Compassionate.pdf */; };
		D6C3B3D4241F8B8B00806FE5 /* Thankful.pdf in Resources */ = {isa = PBXBuildFile; fileRef = D6C3B3CA241F8B8B00806FE5 /* Thankful.pdf */; };
		D6C3B3D5241F8B8B00806FE5 /* Trust.pdf in Resources */ = {isa = PBXBuildFile; fileRef = D6C3B3CB241F8B8B00806FE5 /* Trust.pdf */; };
		D6C3B3D6241F8B8B00806FE5 /* Belonging.pdf in Resources */ = {isa = PBXBuildFile; fileRef = D6C3B3CC241F8B8B00806FE5 /* Belonging.pdf */; };
		D6C3B3D7241F8B8B00806FE5 /* Forgiveness.pdf in Resources */ = {isa = PBXBuildFile; fileRef = D6C3B3CD241F8B8B00806FE5 /* Forgiveness.pdf */; };
		D6C3B3D8241F8B8B00806FE5 /* Kind.pdf in Resources */ = {isa = PBXBuildFile; fileRef = D6C3B3CE241F8B8B00806FE5 /* Kind.pdf */; };
		D6C3B3D9241F8B8B00806FE5 /* Responsible.pdf in Resources */ = {isa = PBXBuildFile; fileRef = D6C3B3CF241F8B8B00806FE5 /* Responsible.pdf */; };
		D6C3B3DA241F8B8B00806FE5 /* Playfulness.pdf in Resources */ = {isa = PBXBuildFile; fileRef = D6C3B3D0241F8B8B00806FE5 /* Playfulness.pdf */; };
		D6C3B3E5241F8B9500806FE5 /* Envy.pdf in Resources */ = {isa = PBXBuildFile; fileRef = D6C3B3DB241F8B9400806FE5 /* Envy.pdf */; };
		D6C3B3E6241F8B9500806FE5 /* Entitled.pdf in Resources */ = {isa = PBXBuildFile; fileRef = D6C3B3DC241F8B9400806FE5 /* Entitled.pdf */; };
		D6C3B3E7241F8B9500806FE5 /* Bored.pdf in Resources */ = {isa = PBXBuildFile; fileRef = D6C3B3DD241F8B9400806FE5 /* Bored.pdf */; };
		D6C3B3E8241F8B9500806FE5 /* Frustrated.pdf in Resources */ = {isa = PBXBuildFile; fileRef = D6C3B3DE241F8B9500806FE5 /* Frustrated.pdf */; };
		D6C3B3E9241F8B9500806FE5 /* Gloating.pdf in Resources */ = {isa = PBXBuildFile; fileRef = D6C3B3DF241F8B9500806FE5 /* Gloating.pdf */; };
		D6C3B3EA241F8B9500806FE5 /* Resentful.pdf in Resources */ = {isa = PBXBuildFile; fileRef = D6C3B3E0241F8B9500806FE5 /* Resentful.pdf */; };
		D6C3B3EB241F8B9500806FE5 /* Angry.pdf in Resources */ = {isa = PBXBuildFile; fileRef = D6C3B3E1241F8B9500806FE5 /* Angry.pdf */; };
		D6C3B3EC241F8B9500806FE5 /* Arrogant.pdf in Resources */ = {isa = PBXBuildFile; fileRef = D6C3B3E2241F8B9500806FE5 /* Arrogant.pdf */; };
		D6C3B3ED241F8B9500806FE5 /* Contempt.pdf in Resources */ = {isa = PBXBuildFile; fileRef = D6C3B3E3241F8B9500806FE5 /* Contempt.pdf */; };
		D6C3B3EE241F8B9500806FE5 /* Spiteful.pdf in Resources */ = {isa = PBXBuildFile; fileRef = D6C3B3E4241F8B9500806FE5 /* Spiteful.pdf */; };
		D6C3B3FA241F8C2400806FE5 /* Sad.pdf in Resources */ = {isa = PBXBuildFile; fileRef = D6C3B3EF241F8C2300806FE5 /* Sad.pdf */; };
		D6C3B3FB241F8C2400806FE5 /* Overwhelmed.pdf in Resources */ = {isa = PBXBuildFile; fileRef = D6C3B3F0241F8C2300806FE5 /* Overwhelmed.pdf */; };
		D6C3B3FC241F8C2400806FE5 /* Worried.pdf in Resources */ = {isa = PBXBuildFile; fileRef = D6C3B3F1241F8C2300806FE5 /* Worried.pdf */; };
		D6C3B3FD241F8C2400806FE5 /* Embarrassed.pdf in Resources */ = {isa = PBXBuildFile; fileRef = D6C3B3F2241F8C2300806FE5 /* Embarrassed.pdf */; };
		D6C3B3FE241F8C2400806FE5 /* Shame.pdf in Resources */ = {isa = PBXBuildFile; fileRef = D6C3B3F3241F8C2300806FE5 /* Shame.pdf */; };
		D6C3B3FF241F8C2400806FE5 /* Self-Doubting.pdf in Resources */ = {isa = PBXBuildFile; fileRef = D6C3B3F4241F8C2300806FE5 /* Self-Doubting.pdf */; };
		D6C3B401241F8C2400806FE5 /* Humiliated.pdf in Resources */ = {isa = PBXBuildFile; fileRef = D6C3B3F6241F8C2300806FE5 /* Humiliated.pdf */; };
		D6C3B402241F8C2400806FE5 /* Lonely.pdf in Resources */ = {isa = PBXBuildFile; fileRef = D6C3B3F7241F8C2300806FE5 /* Lonely.pdf */; };
		D6C3B403241F8C2400806FE5 /* Inferior.pdf in Resources */ = {isa = PBXBuildFile; fileRef = D6C3B3F8241F8C2300806FE5 /* Inferior.pdf */; };
		D6C3B404241F8C2400806FE5 /* Guilty.pdf in Resources */ = {isa = PBXBuildFile; fileRef = D6C3B3F9241F8C2300806FE5 /* Guilty.pdf */; };
		D6C3B40F241F8C5B00806FE5 /* Valued.pdf in Resources */ = {isa = PBXBuildFile; fileRef = D6C3B405241F8C5A00806FE5 /* Valued.pdf */; };
		D6C3B410241F8C5B00806FE5 /* Joy.pdf in Resources */ = {isa = PBXBuildFile; fileRef = D6C3B406241F8C5A00806FE5 /* Joy.pdf */; };
		D6C3B411241F8C5B00806FE5 /* Admiring.pdf in Resources */ = {isa = PBXBuildFile; fileRef = D6C3B407241F8C5A00806FE5 /* Admiring.pdf */; };
		D6C3B412241F8C5B00806FE5 /* Determined.pdf in Resources */ = {isa = PBXBuildFile; fileRef = D6C3B408241F8C5A00806FE5 /* Determined.pdf */; };
		D6C3B413241F8C5B00806FE5 /* Enthusiastic.pdf in Resources */ = {isa = PBXBuildFile; fileRef = D6C3B409241F8C5A00806FE5 /* Enthusiastic.pdf */; };
		D6C3B414241F8C5B00806FE5 /* Proud.pdf in Resources */ = {isa = PBXBuildFile; fileRef = D6C3B40A241F8C5A00806FE5 /* Proud.pdf */; };
		D6C3B415241F8C5B00806FE5 /* Hopeful.pdf in Resources */ = {isa = PBXBuildFile; fileRef = D6C3B40B241F8C5A00806FE5 /* Hopeful.pdf */; };
		D6C3B416241F8C5B00806FE5 /* Confident.pdf in Resources */ = {isa = PBXBuildFile; fileRef = D6C3B40C241F8C5A00806FE5 /* Confident.pdf */; };
		D6C3B417241F8C5B00806FE5 /* Bold.pdf in Resources */ = {isa = PBXBuildFile; fileRef = D6C3B40D241F8C5A00806FE5 /* Bold.pdf */; };
		D6C3B418241F8C5B00806FE5 /* Curious.pdf in Resources */ = {isa = PBXBuildFile; fileRef = D6C3B40E241F8C5B00806FE5 /* Curious.pdf */; };
		D6DA94252417760D00B31556 /* ChalkDusterRF.ttf in Resources */ = {isa = PBXBuildFile; fileRef = D6DA9424241775C400B31556 /* ChalkDusterRF.ttf */; };
		D6F333882438C85600EFC59F /* Gutsy.pdf in Resources */ = {isa = PBXBuildFile; fileRef = D6F333872438C85500EFC59F /* Gutsy.pdf */; };
		D6FEF3492433546D00676682 /* Handbook.swift in Sources */ = {isa = PBXBuildFile; fileRef = D6FEF3482433546D00676682 /* Handbook.swift */; };
/* End PBXBuildFile section */

/* Begin PBXFileReference section */
		D6174277241688FE00DB9127 /* UIImage.swift */ = {isa = PBXFileReference; lastKnownFileType = sourcecode.swift; path = UIImage.swift; sourceTree = "<group>"; };
		D61A73EE240CDF6600EF0642 /* AbstractionLayer.swift */ = {isa = PBXFileReference; lastKnownFileType = sourcecode.swift; path = AbstractionLayer.swift; sourceTree = "<group>"; };
		D6466EFF243873A80058B674 /* Collector.swift */ = {isa = PBXFileReference; lastKnownFileType = sourcecode.swift; path = Collector.swift; sourceTree = "<group>"; };
		D64780422422564E00325012 /* SaveFileViewController.swift */ = {isa = PBXFileReference; lastKnownFileType = sourcecode.swift; path = SaveFileViewController.swift; sourceTree = "<group>"; };
		D64E5EF4240E9DF30012DEF4 /* Icon-76@2x.png */ = {isa = PBXFileReference; lastKnownFileType = image.png; path = "Icon-76@2x.png"; sourceTree = "<group>"; };
		D64E5EF5240E9DF30012DEF4 /* Icon-83.5@2x.png */ = {isa = PBXFileReference; lastKnownFileType = image.png; path = "Icon-83.5@2x.png"; sourceTree = "<group>"; };
		D64E5EF6240E9DF30012DEF4 /* Icon@2x.png */ = {isa = PBXFileReference; lastKnownFileType = image.png; path = "Icon@2x.png"; sourceTree = "<group>"; };
		D64E5EF7240E9DF30012DEF4 /* Icon-Small@2x.png */ = {isa = PBXFileReference; lastKnownFileType = image.png; path = "Icon-Small@2x.png"; sourceTree = "<group>"; };
		D64E5EF8240E9DF30012DEF4 /* Icon-60@3x.png */ = {isa = PBXFileReference; lastKnownFileType = image.png; path = "Icon-60@3x.png"; sourceTree = "<group>"; };
		D64E5EF9240E9DF30012DEF4 /* Icon-Small-40@3x.png */ = {isa = PBXFileReference; lastKnownFileType = image.png; path = "Icon-Small-40@3x.png"; sourceTree = "<group>"; };
		D64E5EFA240E9DF40012DEF4 /* Icon-60@2x.png */ = {isa = PBXFileReference; lastKnownFileType = image.png; path = "Icon-60@2x.png"; sourceTree = "<group>"; };
		D64E5EFB240E9DF40012DEF4 /* Icon-Small-50@2x.png */ = {isa = PBXFileReference; lastKnownFileType = image.png; path = "Icon-Small-50@2x.png"; sourceTree = "<group>"; };
		D64E5EFC240E9DF40012DEF4 /* Icon-Small@3x.png */ = {isa = PBXFileReference; lastKnownFileType = image.png; path = "Icon-Small@3x.png"; sourceTree = "<group>"; };
		D64E5EFD240E9DF40012DEF4 /* Icon-Small-40@2x.png */ = {isa = PBXFileReference; lastKnownFileType = image.png; path = "Icon-Small-40@2x.png"; sourceTree = "<group>"; };
		D64E5EFE240E9DF40012DEF4 /* iTunesArtwork@2x.png */ = {isa = PBXFileReference; lastKnownFileType = image.png; path = "iTunesArtwork@2x.png"; sourceTree = "<group>"; };
		D64E5EFF240E9DF40012DEF4 /* Icon-Small-40.png */ = {isa = PBXFileReference; lastKnownFileType = image.png; path = "Icon-Small-40.png"; sourceTree = "<group>"; };
		D64E5F00240E9DF40012DEF4 /* Icon-Small.png */ = {isa = PBXFileReference; lastKnownFileType = image.png; path = "Icon-Small.png"; sourceTree = "<group>"; };
		D64E5F01240E9DF40012DEF4 /* Icon-76.png */ = {isa = PBXFileReference; lastKnownFileType = image.png; path = "Icon-76.png"; sourceTree = "<group>"; };
		D64E5F02240E9DF40012DEF4 /* Icon.png */ = {isa = PBXFileReference; lastKnownFileType = image.png; path = Icon.png; sourceTree = "<group>"; };
		D64E5F03240E9DF40012DEF4 /* Icon-72@2x.png */ = {isa = PBXFileReference; lastKnownFileType = image.png; path = "Icon-72@2x.png"; sourceTree = "<group>"; };
		D64E5F04240E9DF40012DEF4 /* Icon-Small-50.png */ = {isa = PBXFileReference; lastKnownFileType = image.png; path = "Icon-Small-50.png"; sourceTree = "<group>"; };
		D64E5F05240E9DF40012DEF4 /* Icon-72.png */ = {isa = PBXFileReference; lastKnownFileType = image.png; path = "Icon-72.png"; sourceTree = "<group>"; };
		D6595224242C98B600C6F0FC /* DoubleLong.swift */ = {isa = PBXFileReference; lastKnownFileType = sourcecode.swift; path = DoubleLong.swift; sourceTree = "<group>"; };
		D65CA75B2418C2E300D9BC87 /* TypeSetConstants.swift */ = {isa = PBXFileReference; lastKnownFileType = sourcecode.swift; path = TypeSetConstants.swift; sourceTree = "<group>"; };
		D65D0001240A7466006E35E5 /* SettingsStoryboard.storyboard */ = {isa = PBXFileReference; fileEncoding = 4; lastKnownFileType = file.storyboard; path = SettingsStoryboard.storyboard; sourceTree = "<group>"; };
		D65D0002240A7466006E35E5 /* OptionsViewController.swift */ = {isa = PBXFileReference; fileEncoding = 4; lastKnownFileType = sourcecode.swift; path = OptionsViewController.swift; sourceTree = "<group>"; };
		D65D000B240A74A1006E35E5 /* CardSuperview.swift */ = {isa = PBXFileReference; fileEncoding = 4; lastKnownFileType = sourcecode.swift; path = CardSuperview.swift; sourceTree = "<group>"; };
		D65D000C240A74A1006E35E5 /* CardView.swift */ = {isa = PBXFileReference; fileEncoding = 4; lastKnownFileType = sourcecode.swift; path = CardView.swift; sourceTree = "<group>"; };
		D65D000D240A74A1006E35E5 /* BackCardView.swift */ = {isa = PBXFileReference; fileEncoding = 4; lastKnownFileType = sourcecode.swift; path = BackCardView.swift; sourceTree = "<group>"; };
		D65D000E240A74A1006E35E5 /* CardView.xib */ = {isa = PBXFileReference; fileEncoding = 4; lastKnownFileType = file.xib; path = CardView.xib; sourceTree = "<group>"; };
		D65D000F240A74A1006E35E5 /* FrontCardView.swift */ = {isa = PBXFileReference; fileEncoding = 4; lastKnownFileType = sourcecode.swift; path = FrontCardView.swift; sourceTree = "<group>"; };
		D65D0016240A74BF006E35E5 /* CardSelection.storyboard */ = {isa = PBXFileReference; fileEncoding = 4; lastKnownFileType = file.storyboard; path = CardSelection.storyboard; sourceTree = "<group>"; };
		D65D0017240A74BF006E35E5 /* CardSelectionCell.swift */ = {isa = PBXFileReference; fileEncoding = 4; lastKnownFileType = sourcecode.swift; path = CardSelectionCell.swift; sourceTree = "<group>"; };
		D65D0018240A74BF006E35E5 /* CardSelectionViewController.swift */ = {isa = PBXFileReference; fileEncoding = 4; lastKnownFileType = sourcecode.swift; path = CardSelectionViewController.swift; sourceTree = "<group>"; };
		D65D0019240A74BF006E35E5 /* CardSelectionNavigationController.swift */ = {isa = PBXFileReference; fileEncoding = 4; lastKnownFileType = sourcecode.swift; path = CardSelectionNavigationController.swift; sourceTree = "<group>"; };
		D65D001F240A74DE006E35E5 /* ItemDetailViewController.swift */ = {isa = PBXFileReference; fileEncoding = 4; lastKnownFileType = sourcecode.swift; path = ItemDetailViewController.swift; sourceTree = "<group>"; };
		D65D0020240A74DE006E35E5 /* Notes.storyboard */ = {isa = PBXFileReference; fileEncoding = 4; lastKnownFileType = file.storyboard; path = Notes.storyboard; sourceTree = "<group>"; };
		D65D0021240A74DE006E35E5 /* ItemListTableViewCell.swift */ = {isa = PBXFileReference; fileEncoding = 4; lastKnownFileType = sourcecode.swift; path = ItemListTableViewCell.swift; sourceTree = "<group>"; };
		D65D0022240A74DE006E35E5 /* NotesTableViewController.swift */ = {isa = PBXFileReference; fileEncoding = 4; lastKnownFileType = sourcecode.swift; path = NotesTableViewController.swift; sourceTree = "<group>"; };
		D65D004D240A767B006E35E5 /* EmotionItems.swift */ = {isa = PBXFileReference; fileEncoding = 4; lastKnownFileType = sourcecode.swift; path = EmotionItems.swift; sourceTree = "<group>"; };
		D65D004E240A767B006E35E5 /* Card.swift */ = {isa = PBXFileReference; fileEncoding = 4; lastKnownFileType = sourcecode.swift; path = Card.swift; sourceTree = "<group>"; };
		D65D004F240A767B006E35E5 /* Worksheet.swift */ = {isa = PBXFileReference; fileEncoding = 4; lastKnownFileType = sourcecode.swift; path = Worksheet.swift; sourceTree = "<group>"; };
		D65DFAE1240A6F31006E35E5 /* Reflector Selector.app */ = {isa = PBXFileReference; explicitFileType = wrapper.application; includeInIndex = 0; path = "Reflector Selector.app"; sourceTree = BUILT_PRODUCTS_DIR; };
		D65DFAE9240A6F31006E35E5 /* Base */ = {isa = PBXFileReference; lastKnownFileType = file.storyboard; name = Base; path = Base.lproj/Main.storyboard; sourceTree = "<group>"; };
		D65DFAEB240A6F32006E35E5 /* Assets.xcassets */ = {isa = PBXFileReference; lastKnownFileType = folder.assetcatalog; path = Assets.xcassets; sourceTree = "<group>"; };
		D65DFAF0240A6F32006E35E5 /* Info.plist */ = {isa = PBXFileReference; lastKnownFileType = text.plist.xml; path = Info.plist; sourceTree = "<group>"; };
		D65DFAF7240A6FBA006E35E5 /* FileManager.swift */ = {isa = PBXFileReference; fileEncoding = 4; lastKnownFileType = sourcecode.swift; path = FileManager.swift; sourceTree = "<group>"; };
		D65DFAF8240A6FBA006E35E5 /* String.swift */ = {isa = PBXFileReference; fileEncoding = 4; lastKnownFileType = sourcecode.swift; path = String.swift; sourceTree = "<group>"; };
		D65DFAF9240A6FBA006E35E5 /* UIView.swift */ = {isa = PBXFileReference; fileEncoding = 4; lastKnownFileType = sourcecode.swift; path = UIView.swift; sourceTree = "<group>"; };
		D65DFAFA240A6FBA006E35E5 /* UIViewController.swift */ = {isa = PBXFileReference; fileEncoding = 4; lastKnownFileType = sourcecode.swift; path = UIViewController.swift; sourceTree = "<group>"; };
		D65DFB07240A6FC9006E35E5 /* ActivityNavigationController.swift */ = {isa = PBXFileReference; fileEncoding = 4; lastKnownFileType = sourcecode.swift; path = ActivityNavigationController.swift; sourceTree = "<group>"; };
		D65DFB08240A6FC9006E35E5 /* CelebrationView.swift */ = {isa = PBXFileReference; fileEncoding = 4; lastKnownFileType = sourcecode.swift; path = CelebrationView.swift; sourceTree = "<group>"; };
		D65DFB09240A6FC9006E35E5 /* CloseView.swift */ = {isa = PBXFileReference; fileEncoding = 4; lastKnownFileType = sourcecode.swift; path = CloseView.swift; sourceTree = "<group>"; };
		D65DFB0B240A6FC9006E35E5 /* LessonImagesStackView.swift */ = {isa = PBXFileReference; fileEncoding = 4; lastKnownFileType = sourcecode.swift; path = LessonImagesStackView.swift; sourceTree = "<group>"; };
		D65DFB0C240A6FC9006E35E5 /* LessonImagesViewController.storyboard */ = {isa = PBXFileReference; fileEncoding = 4; lastKnownFileType = file.storyboard; path = LessonImagesViewController.storyboard; sourceTree = "<group>"; };
		D65DFB0D240A6FC9006E35E5 /* LessonImagesViewController.swift */ = {isa = PBXFileReference; fileEncoding = 4; lastKnownFileType = sourcecode.swift; path = LessonImagesViewController.swift; sourceTree = "<group>"; };
		D65DFB0E240A6FC9006E35E5 /* LessonNamesViewController.swift */ = {isa = PBXFileReference; fileEncoding = 4; lastKnownFileType = sourcecode.swift; path = LessonNamesViewController.swift; sourceTree = "<group>"; };
		D65DFB0F240A6FC9006E35E5 /* LessonViewController.swift */ = {isa = PBXFileReference; fileEncoding = 4; lastKnownFileType = sourcecode.swift; path = LessonViewController.swift; sourceTree = "<group>"; };
		D65DFB10240A6FC9006E35E5 /* MultipleChoiceViewController.swift */ = {isa = PBXFileReference; fileEncoding = 4; lastKnownFileType = sourcecode.swift; path = MultipleChoiceViewController.swift; sourceTree = "<group>"; };
		D65DFC94240A71FC006E35E5 /* TabBarController.swift */ = {isa = PBXFileReference; fileEncoding = 4; lastKnownFileType = sourcecode.swift; path = TabBarController.swift; sourceTree = "<group>"; };
		D65DFC96240A721E006E35E5 /* AppDelegate.swift */ = {isa = PBXFileReference; fileEncoding = 4; lastKnownFileType = sourcecode.swift; path = AppDelegate.swift; sourceTree = "<group>"; };
		D65DFC98240A723C006E35E5 /* LaunchScreen.storyboard */ = {isa = PBXFileReference; fileEncoding = 4; lastKnownFileType = file.storyboard; path = LaunchScreen.storyboard; sourceTree = "<group>"; };
		D65DFF92240A7394006E35E5 /* WorkSheet.storyboard */ = {isa = PBXFileReference; fileEncoding = 4; lastKnownFileType = file.storyboard; path = WorkSheet.storyboard; sourceTree = "<group>"; };
		D65DFF94240A7394006E35E5 /* WorksheetViewController.swift */ = {isa = PBXFileReference; fileEncoding = 4; lastKnownFileType = sourcecode.swift; path = WorksheetViewController.swift; sourceTree = "<group>"; };
		D65DFF9B240A73A1006E35E5 /* AccessBoardViewController.swift */ = {isa = PBXFileReference; fileEncoding = 4; lastKnownFileType = sourcecode.swift; path = AccessBoardViewController.swift; sourceTree = "<group>"; };
		D65DFF9C240A73A1006E35E5 /* AccessibleInput.storyboard */ = {isa = PBXFileReference; fileEncoding = 4; lastKnownFileType = file.storyboard; path = AccessibleInput.storyboard; sourceTree = "<group>"; };
		D65DFFA0240A73C1006E35E5 /* CloseViewController.swift */ = {isa = PBXFileReference; fileEncoding = 4; lastKnownFileType = sourcecode.swift; path = CloseViewController.swift; sourceTree = "<group>"; };
		D65DFFA1240A73C1006E35E5 /* ImageServer.swift */ = {isa = PBXFileReference; fileEncoding = 4; lastKnownFileType = sourcecode.swift; path = ImageServer.swift; sourceTree = "<group>"; };
		D65DFFA2240A73C1006E35E5 /* ImagingHelper.swift */ = {isa = PBXFileReference; fileEncoding = 4; lastKnownFileType = sourcecode.swift; path = ImagingHelper.swift; sourceTree = "<group>"; };
		D65DFFA3240A73C1006E35E5 /* ImageCloseUp.storyboard */ = {isa = PBXFileReference; fileEncoding = 4; lastKnownFileType = file.storyboard; path = ImageCloseUp.storyboard; sourceTree = "<group>"; };
		D65DFFA9240A73EA006E35E5 /* PDFViewController.swift */ = {isa = PBXFileReference; fileEncoding = 4; lastKnownFileType = sourcecode.swift; path = PDFViewController.swift; sourceTree = "<group>"; };
		D65DFFAA240A73EA006E35E5 /* PDFStoryboard.storyboard */ = {isa = PBXFileReference; fileEncoding = 4; lastKnownFileType = file.storyboard; path = PDFStoryboard.storyboard; sourceTree = "<group>"; };
		D66EE104243629D8008DB08A /* Introduction.pdf */ = {isa = PBXFileReference; lastKnownFileType = image.pdf; name = Introduction.pdf; path = "Handbook Introduction/Introduction.pdf"; sourceTree = SOURCE_ROOT; };
		D677D94B2423901E00FAF647 /* Instructions.storyboard */ = {isa = PBXFileReference; lastKnownFileType = file.storyboard; path = Instructions.storyboard; sourceTree = "<group>"; };
		D677D94D2423903100FAF647 /* InstructionsViewController.swift */ = {isa = PBXFileReference; lastKnownFileType = sourcecode.swift; path = InstructionsViewController.swift; sourceTree = "<group>"; };
		D67BE755241BAE0000AE2F92 /* UIStackView.swift */ = {isa = PBXFileReference; lastKnownFileType = sourcecode.swift; path = UIStackView.swift; sourceTree = "<group>"; };
		D693C75A2418A670000A6CDB /* PDFSuperView.swift */ = {isa = PBXFileReference; lastKnownFileType = sourcecode.swift; path = PDFSuperView.swift; sourceTree = "<group>"; };
		D693C75C2418A6AC000A6CDB /* HeartHandbookPDF.swift */ = {isa = PBXFileReference; lastKnownFileType = sourcecode.swift; path = HeartHandbookPDF.swift; sourceTree = "<group>"; };
		D693C7602418A6E6000A6CDB /* LearnerLogPDF.swift */ = {isa = PBXFileReference; lastKnownFileType = sourcecode.swift; path = LearnerLogPDF.swift; sourceTree = "<group>"; };
		D69AA84E2439D3D300E6A391 /* Chuffed.pdf */ = {isa = PBXFileReference; lastKnownFileType = image.pdf; name = Chuffed.pdf; path = Zones/Chuffed.pdf; sourceTree = SOURCE_ROOT; };
		D69AA84F2439D3D300E6A391 /* Spoilt.pdf */ = {isa = PBXFileReference; lastKnownFileType = image.pdf; name = Spoilt.pdf; path = Zones/Spoilt.pdf; sourceTree = SOURCE_ROOT; };
		D69AA8502439D3D300E6A391 /* Thrilled.pdf */ = {isa = PBXFileReference; lastKnownFileType = image.pdf; name = Thrilled.pdf; path = Zones/Thrilled.pdf; sourceTree = SOURCE_ROOT; };
		D69AA8512439D3D300E6A391 /* Grudging.pdf */ = {isa = PBXFileReference; lastKnownFileType = image.pdf; name = Grudging.pdf; path = Zones/Grudging.pdf; sourceTree = SOURCE_ROOT; };
		D69AA8522439D3D300E6A391 /* Gracious.pdf */ = {isa = PBXFileReference; lastKnownFileType = image.pdf; name = Gracious.pdf; path = Zones/Gracious.pdf; sourceTree = SOURCE_ROOT; };
		D69AA8532439D3D300E6A391 /* Sheepish.pdf */ = {isa = PBXFileReference; lastKnownFileType = image.pdf; name = Sheepish.pdf; path = Zones/Sheepish.pdf; sourceTree = SOURCE_ROOT; };
		D69AA8542439D3D300E6A391 /* Driven.pdf */ = {isa = PBXFileReference; lastKnownFileType = image.pdf; name = Driven.pdf; path = Zones/Driven.pdf; sourceTree = SOURCE_ROOT; };
		D69AA8552439D3D300E6A391 /* Useless.pdf */ = {isa = PBXFileReference; lastKnownFileType = image.pdf; name = Useless.pdf; path = Zones/Useless.pdf; sourceTree = SOURCE_ROOT; };
		D69AA8562439D3D400E6A391 /* Annoyed.pdf */ = {isa = PBXFileReference; lastKnownFileType = image.pdf; name = Annoyed.pdf; path = Zones/Annoyed.pdf; sourceTree = SOURCE_ROOT; };
		D69AA8572439D3D400E6A391 /* Mean.pdf */ = {isa = PBXFileReference; lastKnownFileType = image.pdf; name = Mean.pdf; path = Zones/Mean.pdf; sourceTree = SOURCE_ROOT; };
		D69AA8582439D3D400E6A391 /* Wobbly.pdf */ = {isa = PBXFileReference; lastKnownFileType = image.pdf; name = Wobbly.pdf; path = Zones/Wobbly.pdf; sourceTree = SOURCE_ROOT; };
		D69AA8592439D3D400E6A391 /* Patient.pdf */ = {isa = PBXFileReference; lastKnownFileType = image.pdf; name = Patient.pdf; path = Zones/Patient.pdf; sourceTree = SOURCE_ROOT; };
		D69AA85A2439D3D400E6A391 /* Flat.pdf */ = {isa = PBXFileReference; lastKnownFileType = image.pdf; name = Flat.pdf; path = Zones/Flat.pdf; sourceTree = SOURCE_ROOT; };
		D69AA85B2439D3D400E6A391 /* Included.pdf */ = {isa = PBXFileReference; lastKnownFileType = image.pdf; name = Included.pdf; path = Zones/Included.pdf; sourceTree = SOURCE_ROOT; };
		D69AA85C2439D3D400E6A391 /* Caring.pdf */ = {isa = PBXFileReference; lastKnownFileType = image.pdf; name = Caring.pdf; path = Zones/Caring.pdf; sourceTree = SOURCE_ROOT; };
		D69AA86C2439D46F00E6A391 /* meFirst.pdf */ = {isa = PBXFileReference; lastKnownFileType = image.pdf; name = meFirst.pdf; path = "Quadrant Pages/meFirst.pdf"; sourceTree = SOURCE_ROOT; };
		D69AA86D2439D46F00E6A391 /* connectingMe.pdf */ = {isa = PBXFileReference; lastKnownFileType = image.pdf; name = connectingMe.pdf; path = "Quadrant Pages/connectingMe.pdf"; sourceTree = SOURCE_ROOT; };
		D69AA86E2439D46F00E6A391 /* protectingMe.pdf */ = {isa = PBXFileReference; lastKnownFileType = image.pdf; name = protectingMe.pdf; path = "Quadrant Pages/protectingMe.pdf"; sourceTree = SOURCE_ROOT; };
		D69AA86F2439D46F00E6A391 /* stretchingMe.pdf */ = {isa = PBXFileReference; lastKnownFileType = image.pdf; name = stretchingMe.pdf; path = "Quadrant Pages/stretchingMe.pdf"; sourceTree = SOURCE_ROOT; };
		D6C3B3C7241F8B8B00806FE5 /* Content.pdf */ = {isa = PBXFileReference; lastKnownFileType = image.pdf; name = Content.pdf; path = "Cards PDF/connecting me/Content.pdf"; sourceTree = SOURCE_ROOT; };
		D6C3B3C8241F8B8B00806FE5 /* Empathetic Joy.pdf */ = {isa = PBXFileReference; lastKnownFileType = image.pdf; name = "Empathetic Joy.pdf"; path = "Cards PDF/connecting me/Empathetic Joy.pdf"; sourceTree = SOURCE_ROOT; };
		D6C3B3C9241F8B8B00806FE5 /* Compassionate.pdf */ = {isa = PBXFileReference; lastKnownFileType = image.pdf; name = Compassionate.pdf; path = "Cards PDF/connecting me/Compassionate.pdf"; sourceTree = SOURCE_ROOT; };
		D6C3B3CA241F8B8B00806FE5 /* Thankful.pdf */ = {isa = PBXFileReference; lastKnownFileType = image.pdf; name = Thankful.pdf; path = "Cards PDF/connecting me/Thankful.pdf"; sourceTree = SOURCE_ROOT; };
		D6C3B3CB241F8B8B00806FE5 /* Trust.pdf */ = {isa = PBXFileReference; lastKnownFileType = image.pdf; name = Trust.pdf; path = "Cards PDF/connecting me/Trust.pdf"; sourceTree = SOURCE_ROOT; };
		D6C3B3CC241F8B8B00806FE5 /* Belonging.pdf */ = {isa = PBXFileReference; lastKnownFileType = image.pdf; name = Belonging.pdf; path = "Cards PDF/connecting me/Belonging.pdf"; sourceTree = SOURCE_ROOT; };
		D6C3B3CD241F8B8B00806FE5 /* Forgiveness.pdf */ = {isa = PBXFileReference; lastKnownFileType = image.pdf; name = Forgiveness.pdf; path = "Cards PDF/connecting me/Forgiveness.pdf"; sourceTree = SOURCE_ROOT; };
		D6C3B3CE241F8B8B00806FE5 /* Kind.pdf */ = {isa = PBXFileReference; lastKnownFileType = image.pdf; name = Kind.pdf; path = "Cards PDF/connecting me/Kind.pdf"; sourceTree = SOURCE_ROOT; };
		D6C3B3CF241F8B8B00806FE5 /* Responsible.pdf */ = {isa = PBXFileReference; lastKnownFileType = image.pdf; name = Responsible.pdf; path = "Cards PDF/connecting me/Responsible.pdf"; sourceTree = SOURCE_ROOT; };
		D6C3B3D0241F8B8B00806FE5 /* Playfulness.pdf */ = {isa = PBXFileReference; lastKnownFileType = image.pdf; name = Playfulness.pdf; path = "Cards PDF/connecting me/Playfulness.pdf"; sourceTree = SOURCE_ROOT; };
		D6C3B3DB241F8B9400806FE5 /* Envy.pdf */ = {isa = PBXFileReference; lastKnownFileType = image.pdf; name = Envy.pdf; path = "Cards PDF/me first/Envy.pdf"; sourceTree = SOURCE_ROOT; };
		D6C3B3DC241F8B9400806FE5 /* Entitled.pdf */ = {isa = PBXFileReference; lastKnownFileType = image.pdf; name = Entitled.pdf; path = "Cards PDF/me first/Entitled.pdf"; sourceTree = SOURCE_ROOT; };
		D6C3B3DD241F8B9400806FE5 /* Bored.pdf */ = {isa = PBXFileReference; lastKnownFileType = image.pdf; name = Bored.pdf; path = "Cards PDF/me first/Bored.pdf"; sourceTree = SOURCE_ROOT; };
		D6C3B3DE241F8B9500806FE5 /* Frustrated.pdf */ = {isa = PBXFileReference; lastKnownFileType = image.pdf; name = Frustrated.pdf; path = "Cards PDF/me first/Frustrated.pdf"; sourceTree = SOURCE_ROOT; };
		D6C3B3DF241F8B9500806FE5 /* Gloating.pdf */ = {isa = PBXFileReference; lastKnownFileType = image.pdf; name = Gloating.pdf; path = "Cards PDF/me first/Gloating.pdf"; sourceTree = SOURCE_ROOT; };
		D6C3B3E0241F8B9500806FE5 /* Resentful.pdf */ = {isa = PBXFileReference; lastKnownFileType = image.pdf; name = Resentful.pdf; path = "Cards PDF/me first/Resentful.pdf"; sourceTree = SOURCE_ROOT; };
		D6C3B3E1241F8B9500806FE5 /* Angry.pdf */ = {isa = PBXFileReference; lastKnownFileType = image.pdf; name = Angry.pdf; path = "Cards PDF/me first/Angry.pdf"; sourceTree = SOURCE_ROOT; };
		D6C3B3E2241F8B9500806FE5 /* Arrogant.pdf */ = {isa = PBXFileReference; lastKnownFileType = image.pdf; name = Arrogant.pdf; path = "Cards PDF/me first/Arrogant.pdf"; sourceTree = SOURCE_ROOT; };
		D6C3B3E3241F8B9500806FE5 /* Contempt.pdf */ = {isa = PBXFileReference; lastKnownFileType = image.pdf; name = Contempt.pdf; path = "Cards PDF/me first/Contempt.pdf"; sourceTree = SOURCE_ROOT; };
		D6C3B3E4241F8B9500806FE5 /* Spiteful.pdf */ = {isa = PBXFileReference; lastKnownFileType = image.pdf; name = Spiteful.pdf; path = "Cards PDF/me first/Spiteful.pdf"; sourceTree = SOURCE_ROOT; };
		D6C3B3EF241F8C2300806FE5 /* Sad.pdf */ = {isa = PBXFileReference; lastKnownFileType = image.pdf; name = Sad.pdf; path = "Cards PDF/protecting me/Sad.pdf"; sourceTree = SOURCE_ROOT; };
		D6C3B3F0241F8C2300806FE5 /* Overwhelmed.pdf */ = {isa = PBXFileReference; lastKnownFileType = image.pdf; name = Overwhelmed.pdf; path = "Cards PDF/protecting me/Overwhelmed.pdf"; sourceTree = SOURCE_ROOT; };
		D6C3B3F1241F8C2300806FE5 /* Worried.pdf */ = {isa = PBXFileReference; lastKnownFileType = image.pdf; name = Worried.pdf; path = "Cards PDF/protecting me/Worried.pdf"; sourceTree = SOURCE_ROOT; };
		D6C3B3F2241F8C2300806FE5 /* Embarrassed.pdf */ = {isa = PBXFileReference; lastKnownFileType = image.pdf; name = Embarrassed.pdf; path = "Cards PDF/protecting me/Embarrassed.pdf"; sourceTree = SOURCE_ROOT; };
		D6C3B3F3241F8C2300806FE5 /* Shame.pdf */ = {isa = PBXFileReference; lastKnownFileType = image.pdf; name = Shame.pdf; path = "Cards PDF/protecting me/Shame.pdf"; sourceTree = SOURCE_ROOT; };
		D6C3B3F4241F8C2300806FE5 /* Self-Doubting.pdf */ = {isa = PBXFileReference; lastKnownFileType = image.pdf; name = "Self-Doubting.pdf"; path = "Cards PDF/protecting me/Self-Doubting.pdf"; sourceTree = SOURCE_ROOT; };
		D6C3B3F6241F8C2300806FE5 /* Humiliated.pdf */ = {isa = PBXFileReference; lastKnownFileType = image.pdf; name = Humiliated.pdf; path = "Cards PDF/protecting me/Humiliated.pdf"; sourceTree = SOURCE_ROOT; };
		D6C3B3F7241F8C2300806FE5 /* Lonely.pdf */ = {isa = PBXFileReference; lastKnownFileType = image.pdf; name = Lonely.pdf; path = "Cards PDF/protecting me/Lonely.pdf"; sourceTree = SOURCE_ROOT; };
		D6C3B3F8241F8C2300806FE5 /* Inferior.pdf */ = {isa = PBXFileReference; lastKnownFileType = image.pdf; name = Inferior.pdf; path = "Cards PDF/protecting me/Inferior.pdf"; sourceTree = SOURCE_ROOT; };
		D6C3B3F9241F8C2300806FE5 /* Guilty.pdf */ = {isa = PBXFileReference; lastKnownFileType = image.pdf; name = Guilty.pdf; path = "Cards PDF/protecting me/Guilty.pdf"; sourceTree = SOURCE_ROOT; };
		D6C3B405241F8C5A00806FE5 /* Valued.pdf */ = {isa = PBXFileReference; lastKnownFileType = image.pdf; name = Valued.pdf; path = "Cards PDF/stretching me/Valued.pdf"; sourceTree = SOURCE_ROOT; };
		D6C3B406241F8C5A00806FE5 /* Joy.pdf */ = {isa = PBXFileReference; lastKnownFileType = image.pdf; name = Joy.pdf; path = "Cards PDF/stretching me/Joy.pdf"; sourceTree = SOURCE_ROOT; };
		D6C3B407241F8C5A00806FE5 /* Admiring.pdf */ = {isa = PBXFileReference; lastKnownFileType = image.pdf; name = Admiring.pdf; path = "Cards PDF/stretching me/Admiring.pdf"; sourceTree = SOURCE_ROOT; };
		D6C3B408241F8C5A00806FE5 /* Determined.pdf */ = {isa = PBXFileReference; lastKnownFileType = image.pdf; name = Determined.pdf; path = "Cards PDF/stretching me/Determined.pdf"; sourceTree = SOURCE_ROOT; };
		D6C3B409241F8C5A00806FE5 /* Enthusiastic.pdf */ = {isa = PBXFileReference; lastKnownFileType = image.pdf; name = Enthusiastic.pdf; path = "Cards PDF/stretching me/Enthusiastic.pdf"; sourceTree = SOURCE_ROOT; };
		D6C3B40A241F8C5A00806FE5 /* Proud.pdf */ = {isa = PBXFileReference; lastKnownFileType = image.pdf; name = Proud.pdf; path = "Cards PDF/stretching me/Proud.pdf"; sourceTree = SOURCE_ROOT; };
		D6C3B40B241F8C5A00806FE5 /* Hopeful.pdf */ = {isa = PBXFileReference; lastKnownFileType = image.pdf; name = Hopeful.pdf; path = "Cards PDF/stretching me/Hopeful.pdf"; sourceTree = SOURCE_ROOT; };
		D6C3B40C241F8C5A00806FE5 /* Confident.pdf */ = {isa = PBXFileReference; lastKnownFileType = image.pdf; name = Confident.pdf; path = "Cards PDF/stretching me/Confident.pdf"; sourceTree = SOURCE_ROOT; };
		D6C3B40D241F8C5A00806FE5 /* Bold.pdf */ = {isa = PBXFileReference; lastKnownFileType = image.pdf; name = Bold.pdf; path = "Cards PDF/stretching me/Bold.pdf"; sourceTree = SOURCE_ROOT; };
		D6C3B40E241F8C5B00806FE5 /* Curious.pdf */ = {isa = PBXFileReference; lastKnownFileType = image.pdf; name = Curious.pdf; path = "Cards PDF/stretching me/Curious.pdf"; sourceTree = SOURCE_ROOT; };
		D6DA9424241775C400B31556 /* ChalkDusterRF.ttf */ = {isa = PBXFileReference; lastKnownFileType = file; path = ChalkDusterRF.ttf; sourceTree = "<group>"; };
		D6F333872438C85500EFC59F /* Gutsy.pdf */ = {isa = PBXFileReference; lastKnownFileType = image.pdf; name = Gutsy.pdf; path = Zones/Gutsy.pdf; sourceTree = SOURCE_ROOT; };
		D6FEF3482433546D00676682 /* Handbook.swift */ = {isa = PBXFileReference; lastKnownFileType = sourcecode.swift; path = Handbook.swift; sourceTree = "<group>"; };
/* End PBXFileReference section */

/* Begin PBXFrameworksBuildPhase section */
		D65DFADE240A6F31006E35E5 /* Frameworks */ = {
			isa = PBXFrameworksBuildPhase;
			buildActionMask = 2147483647;
			files = (
			);
			runOnlyForDeploymentPostprocessing = 0;
		};
/* End PBXFrameworksBuildPhase section */

/* Begin PBXGroup section */
		D65D0000240A7452006E35E5 /* Options */ = {
			isa = PBXGroup;
			children = (
				D65D0002240A7466006E35E5 /* OptionsViewController.swift */,
				D65D0001240A7466006E35E5 /* SettingsStoryboard.storyboard */,
			);
			path = Options;
			sourceTree = "<group>";
		};
		D65D000A240A7488006E35E5 /* Card View */ = {
			isa = PBXGroup;
			children = (
				D65D000D240A74A1006E35E5 /* BackCardView.swift */,
				D65D000B240A74A1006E35E5 /* CardSuperview.swift */,
				D65D000C240A74A1006E35E5 /* CardView.swift */,
				D65D000E240A74A1006E35E5 /* CardView.xib */,
				D65D000F240A74A1006E35E5 /* FrontCardView.swift */,
			);
			path = "Card View";
			sourceTree = "<group>";
		};
		D65D0015240A74A8006E35E5 /* Worktable */ = {
			isa = PBXGroup;
			children = (
				D65D0016240A74BF006E35E5 /* CardSelection.storyboard */,
				D65D0018240A74BF006E35E5 /* CardSelectionViewController.swift */,
				D65D0017240A74BF006E35E5 /* CardSelectionCell.swift */,
				D65D0019240A74BF006E35E5 /* CardSelectionNavigationController.swift */,
				D65DFF91240A737F006E35E5 /* Worksheet */,
			);
			path = Worktable;
			sourceTree = "<group>";
		};
		D65D001E240A74CB006E35E5 /* Notes */ = {
			isa = PBXGroup;
			children = (
				D65D001F240A74DE006E35E5 /* ItemDetailViewController.swift */,
				D65D0021240A74DE006E35E5 /* ItemListTableViewCell.swift */,
				D65D0020240A74DE006E35E5 /* Notes.storyboard */,
				D65D0022240A74DE006E35E5 /* NotesTableViewController.swift */,
			);
			path = Notes;
			sourceTree = "<group>";
		};
		D65D0027240A74F0006E35E5 /* Icon Files */ = {
			isa = PBXGroup;
			children = (
				D64E5EFA240E9DF40012DEF4 /* Icon-60@2x.png */,
				D64E5EF8240E9DF30012DEF4 /* Icon-60@3x.png */,
				D64E5F05240E9DF40012DEF4 /* Icon-72.png */,
				D64E5F03240E9DF40012DEF4 /* Icon-72@2x.png */,
				D64E5F01240E9DF40012DEF4 /* Icon-76.png */,
				D64E5EF4240E9DF30012DEF4 /* Icon-76@2x.png */,
				D64E5EF5240E9DF30012DEF4 /* Icon-83.5@2x.png */,
				D64E5EFF240E9DF40012DEF4 /* Icon-Small-40.png */,
				D64E5EFD240E9DF40012DEF4 /* Icon-Small-40@2x.png */,
				D64E5EF9240E9DF30012DEF4 /* Icon-Small-40@3x.png */,
				D64E5F04240E9DF40012DEF4 /* Icon-Small-50.png */,
				D64E5EFB240E9DF40012DEF4 /* Icon-Small-50@2x.png */,
				D64E5F00240E9DF40012DEF4 /* Icon-Small.png */,
				D64E5EF7240E9DF30012DEF4 /* Icon-Small@2x.png */,
				D64E5EFC240E9DF40012DEF4 /* Icon-Small@3x.png */,
				D64E5F02240E9DF40012DEF4 /* Icon.png */,
				D64E5EF6240E9DF30012DEF4 /* Icon@2x.png */,
				D64E5EFE240E9DF40012DEF4 /* iTunesArtwork@2x.png */,
			);
			path = "Icon Files";
			sourceTree = "<group>";
		};
		D65D004C240A763F006E35E5 /* Model */ = {
			isa = PBXGroup;
			children = (
				D61A73EE240CDF6600EF0642 /* AbstractionLayer.swift */,
				D65D004E240A767B006E35E5 /* Card.swift */,
				D65D004D240A767B006E35E5 /* EmotionItems.swift */,
				D65D004F240A767B006E35E5 /* Worksheet.swift */,
			);
			path = Model;
			sourceTree = "<group>";
		};
		D65DFAD8240A6F31006E35E5 = {
			isa = PBXGroup;
			children = (
				D65DFAE3240A6F31006E35E5 /* Reflector Selector */,
				D65DFAE2240A6F31006E35E5 /* Products */,
			);
			sourceTree = "<group>";
		};
		D65DFAE2240A6F31006E35E5 /* Products */ = {
			isa = PBXGroup;
			children = (
				D65DFAE1240A6F31006E35E5 /* Reflector Selector.app */,
			);
			name = Products;
			sourceTree = "<group>";
		};
		D65DFAE3240A6F31006E35E5 /* Reflector Selector */ = {
			isa = PBXGroup;
			children = (
				D65DFC98240A723C006E35E5 /* LaunchScreen.storyboard */,
				D65DFC94240A71FC006E35E5 /* TabBarController.swift */,
				D65DFC96240A721E006E35E5 /* AppDelegate.swift */,
				D65DFAE8240A6F31006E35E5 /* Main.storyboard */,
				D65DFAEB240A6F32006E35E5 /* Assets.xcassets */,
				D65DFAF0240A6F32006E35E5 /* Info.plist */,
				D65D004C240A763F006E35E5 /* Model */,
				D65DFB06240A6FC9006E35E5 /* Game Activity */,
				D65D0015240A74A8006E35E5 /* Worktable */,
				D65DFF9F240A73AE006E35E5 /* Image Processing */,
				D65DFFA8240A73CD006E35E5 /* Book Board */,
				D65D0000240A7452006E35E5 /* Options */,
				D65D000A240A7488006E35E5 /* Card View */,
				D65D001E240A74CB006E35E5 /* Notes */,
				D677D94A24238FFC00FAF647 /* Instructions */,
				D65DFAF6240A6FBA006E35E5 /* extensions */,
				D65D0027240A74F0006E35E5 /* Icon Files */,
				D6DA94232417742200B31556 /* Custom Font */,
			);
			path = "Reflector Selector";
			sourceTree = "<group>";
		};
		D65DFAF6240A6FBA006E35E5 /* extensions */ = {
			isa = PBXGroup;
			children = (
				D65DFAF7240A6FBA006E35E5 /* FileManager.swift */,
				D65DFAF8240A6FBA006E35E5 /* String.swift */,
				D65DFAF9240A6FBA006E35E5 /* UIView.swift */,
				D65DFAFA240A6FBA006E35E5 /* UIViewController.swift */,
				D6174277241688FE00DB9127 /* UIImage.swift */,
				D67BE755241BAE0000AE2F92 /* UIStackView.swift */,
			);
			path = extensions;
			sourceTree = "<group>";
		};
		D65DFB06240A6FC9006E35E5 /* Game Activity */ = {
			isa = PBXGroup;
			children = (
				D65DFB0F240A6FC9006E35E5 /* LessonViewController.swift */,
				D65DFB07240A6FC9006E35E5 /* ActivityNavigationController.swift */,
				D65DFB08240A6FC9006E35E5 /* CelebrationView.swift */,
				D65DFB09240A6FC9006E35E5 /* CloseView.swift */,
				D65DFB0A240A6FC9006E35E5 /* ImagesViewController */,
				D65DFB0E240A6FC9006E35E5 /* LessonNamesViewController.swift */,
				D65DFB10240A6FC9006E35E5 /* MultipleChoiceViewController.swift */,
			);
			path = "Game Activity";
			sourceTree = "<group>";
		};
		D65DFB0A240A6FC9006E35E5 /* ImagesViewController */ = {
			isa = PBXGroup;
			children = (
				D65DFB0B240A6FC9006E35E5 /* LessonImagesStackView.swift */,
				D65DFB0C240A6FC9006E35E5 /* LessonImagesViewController.storyboard */,
				D65DFB0D240A6FC9006E35E5 /* LessonImagesViewController.swift */,
			);
			path = ImagesViewController;
			sourceTree = "<group>";
		};
		D65DFF91240A737F006E35E5 /* Worksheet */ = {
			isa = PBXGroup;
			children = (
				D65DFF94240A7394006E35E5 /* WorksheetViewController.swift */,
				D65DFF9A240A73A1006E35E5 /* Accessible Input */,
				D65DFF92240A7394006E35E5 /* WorkSheet.storyboard */,
			);
			path = Worksheet;
			sourceTree = "<group>";
		};
		D65DFF9A240A73A1006E35E5 /* Accessible Input */ = {
			isa = PBXGroup;
			children = (
				D65DFF9B240A73A1006E35E5 /* AccessBoardViewController.swift */,
				D65DFF9C240A73A1006E35E5 /* AccessibleInput.storyboard */,
			);
			path = "Accessible Input";
			sourceTree = "<group>";
		};
		D65DFF9F240A73AE006E35E5 /* Image Processing */ = {
			isa = PBXGroup;
			children = (
				D65DFFA0240A73C1006E35E5 /* CloseViewController.swift */,
				D65DFFA3240A73C1006E35E5 /* ImageCloseUp.storyboard */,
				D65DFFA1240A73C1006E35E5 /* ImageServer.swift */,
				D65DFFA2240A73C1006E35E5 /* ImagingHelper.swift */,
			);
			path = "Image Processing";
			sourceTree = "<group>";
		};
		D65DFFA8240A73CD006E35E5 /* Book Board */ = {
			isa = PBXGroup;
			children = (
				D65DFFAF240A73FF006E35E5 /* PDF Raw */,
				D65DFFAA240A73EA006E35E5 /* PDFStoryboard.storyboard */,
				D65DFFA9240A73EA006E35E5 /* PDFViewController.swift */,
				D693C75A2418A670000A6CDB /* PDFSuperView.swift */,
				D693C75C2418A6AC000A6CDB /* HeartHandbookPDF.swift */,
				D693C7602418A6E6000A6CDB /* LearnerLogPDF.swift */,
				D65CA75B2418C2E300D9BC87 /* TypeSetConstants.swift */,
				D64780422422564E00325012 /* SaveFileViewController.swift */,
				D6595224242C98B600C6F0FC /* DoubleLong.swift */,
				D6FEF3482433546D00676682 /* Handbook.swift */,
				D6466EFF243873A80058B674 /* Collector.swift */,
			);
			path = "Book Board";
			sourceTree = "<group>";
		};
		D65DFFAF240A73FF006E35E5 /* PDF Raw */ = {
			isa = PBXGroup;
			children = (
				D69AA86D2439D46F00E6A391 /* connectingMe.pdf */,
				D69AA86C2439D46F00E6A391 /* meFirst.pdf */,
				D69AA86E2439D46F00E6A391 /* protectingMe.pdf */,
				D69AA86F2439D46F00E6A391 /* stretchingMe.pdf */,
				D69AA8562439D3D400E6A391 /* Annoyed.pdf */,
				D69AA85C2439D3D400E6A391 /* Caring.pdf */,
				D69AA84E2439D3D300E6A391 /* Chuffed.pdf */,
				D69AA8542439D3D300E6A391 /* Driven.pdf */,
				D69AA85A2439D3D400E6A391 /* Flat.pdf */,
				D69AA8522439D3D300E6A391 /* Gracious.pdf */,
				D69AA8512439D3D300E6A391 /* Grudging.pdf */,
				D69AA85B2439D3D400E6A391 /* Included.pdf */,
				D69AA8572439D3D400E6A391 /* Mean.pdf */,
				D69AA8592439D3D400E6A391 /* Patient.pdf */,
				D69AA8532439D3D300E6A391 /* Sheepish.pdf */,
				D69AA84F2439D3D300E6A391 /* Spoilt.pdf */,
				D69AA8502439D3D300E6A391 /* Thrilled.pdf */,
				D69AA8552439D3D300E6A391 /* Useless.pdf */,
				D69AA8582439D3D400E6A391 /* Wobbly.pdf */,
				D6F333872438C85500EFC59F /* Gutsy.pdf */,
				D66EE104243629D8008DB08A /* Introduction.pdf */,
				D6C3B407241F8C5A00806FE5 /* Admiring.pdf */,
				D6C3B40D241F8C5A00806FE5 /* Bold.pdf */,
				D6C3B40C241F8C5A00806FE5 /* Confident.pdf */,
				D6C3B40E241F8C5B00806FE5 /* Curious.pdf */,
				D6C3B408241F8C5A00806FE5 /* Determined.pdf */,
				D6C3B409241F8C5A00806FE5 /* Enthusiastic.pdf */,
				D6C3B40B241F8C5A00806FE5 /* Hopeful.pdf */,
				D6C3B406241F8C5A00806FE5 /* Joy.pdf */,
				D6C3B40A241F8C5A00806FE5 /* Proud.pdf */,
				D6C3B405241F8C5A00806FE5 /* Valued.pdf */,
				D6C3B3F2241F8C2300806FE5 /* Embarrassed.pdf */,
				D6C3B3F9241F8C2300806FE5 /* Guilty.pdf */,
				D6C3B3F6241F8C2300806FE5 /* Humiliated.pdf */,
				D6C3B3F8241F8C2300806FE5 /* Inferior.pdf */,
				D6C3B3F7241F8C2300806FE5 /* Lonely.pdf */,
				D6C3B3F0241F8C2300806FE5 /* Overwhelmed.pdf */,
				D6C3B3EF241F8C2300806FE5 /* Sad.pdf */,
				D6C3B3F4241F8C2300806FE5 /* Self-Doubting.pdf */,
				D6C3B3F3241F8C2300806FE5 /* Shame.pdf */,
				D6C3B3F1241F8C2300806FE5 /* Worried.pdf */,
				D6C3B3E1241F8B9500806FE5 /* Angry.pdf */,
				D6C3B3E2241F8B9500806FE5 /* Arrogant.pdf */,
				D6C3B3DD241F8B9400806FE5 /* Bored.pdf */,
				D6C3B3E3241F8B9500806FE5 /* Contempt.pdf */,
				D6C3B3DC241F8B9400806FE5 /* Entitled.pdf */,
				D6C3B3DB241F8B9400806FE5 /* Envy.pdf */,
				D6C3B3DE241F8B9500806FE5 /* Frustrated.pdf */,
				D6C3B3DF241F8B9500806FE5 /* Gloating.pdf */,
				D6C3B3E0241F8B9500806FE5 /* Resentful.pdf */,
				D6C3B3E4241F8B9500806FE5 /* Spiteful.pdf */,
				D6C3B3CC241F8B8B00806FE5 /* Belonging.pdf */,
				D6C3B3C9241F8B8B00806FE5 /* Compassionate.pdf */,
				D6C3B3C7241F8B8B00806FE5 /* Content.pdf */,
				D6C3B3C8241F8B8B00806FE5 /* Empathetic Joy.pdf */,
				D6C3B3CD241F8B8B00806FE5 /* Forgiveness.pdf */,
				D6C3B3CE241F8B8B00806FE5 /* Kind.pdf */,
				D6C3B3D0241F8B8B00806FE5 /* Playfulness.pdf */,
				D6C3B3CF241F8B8B00806FE5 /* Responsible.pdf */,
				D6C3B3CA241F8B8B00806FE5 /* Thankful.pdf */,
				D6C3B3CB241F8B8B00806FE5 /* Trust.pdf */,
			);
			path = "PDF Raw";
			sourceTree = "<group>";
		};
		D677D94A24238FFC00FAF647 /* Instructions */ = {
			isa = PBXGroup;
			children = (
				D677D94B2423901E00FAF647 /* Instructions.storyboard */,
				D677D94D2423903100FAF647 /* InstructionsViewController.swift */,
			);
			path = Instructions;
			sourceTree = "<group>";
		};
		D6DA94232417742200B31556 /* Custom Font */ = {
			isa = PBXGroup;
			children = (
				D6DA9424241775C400B31556 /* ChalkDusterRF.ttf */,
			);
			path = "Custom Font";
			sourceTree = "<group>";
		};
/* End PBXGroup section */

/* Begin PBXNativeTarget section */
		D65DFAE0240A6F31006E35E5 /* Reflector Selector */ = {
			isa = PBXNativeTarget;
			buildConfigurationList = D65DFAF3240A6F32006E35E5 /* Build configuration list for PBXNativeTarget "Reflector Selector" */;
			buildPhases = (
				D65DFADD240A6F31006E35E5 /* Sources */,
				D65DFADE240A6F31006E35E5 /* Frameworks */,
				D65DFADF240A6F31006E35E5 /* Resources */,
			);
			buildRules = (
			);
			dependencies = (
			);
			name = "Reflector Selector";
			productName = "Reflector Selector";
			productReference = D65DFAE1240A6F31006E35E5 /* Reflector Selector.app */;
			productType = "com.apple.product-type.application";
		};
/* End PBXNativeTarget section */

/* Begin PBXProject section */
		D65DFAD9240A6F31006E35E5 /* Project object */ = {
			isa = PBXProject;
			attributes = {
				LastSwiftUpdateCheck = 1010;
				LastUpgradeCheck = 1010;
				ORGANIZATIONNAME = whatmotivateslearning;
				TargetAttributes = {
					D65DFAE0240A6F31006E35E5 = {
						CreatedOnToolsVersion = 10.1;
					};
				};
			};
			buildConfigurationList = D65DFADC240A6F31006E35E5 /* Build configuration list for PBXProject "Reflector Selector" */;
			compatibilityVersion = "Xcode 9.3";
			developmentRegion = en;
			hasScannedForEncodings = 0;
			knownRegions = (
				en,
				Base,
			);
			mainGroup = D65DFAD8240A6F31006E35E5;
			productRefGroup = D65DFAE2240A6F31006E35E5 /* Products */;
			projectDirPath = "";
			projectRoot = "";
			targets = (
				D65DFAE0240A6F31006E35E5 /* Reflector Selector */,
			);
		};
/* End PBXProject section */

/* Begin PBXResourcesBuildPhase section */
		D65DFADF240A6F31006E35E5 /* Resources */ = {
			isa = PBXResourcesBuildPhase;
			buildActionMask = 2147483647;
			files = (
				D64E5F14240E9DF50012DEF4 /* Icon.png in Resources */,
				D65D0013240A74A1006E35E5 /* CardView.xib in Resources */,
				D66EE105243629D9008DB08A /* Introduction.pdf in Resources */,
				D6C3B3EB241F8B9500806FE5 /* Angry.pdf in Resources */,
				D6C3B410241F8C5B00806FE5 /* Joy.pdf in Resources */,
				D6C3B415241F8C5B00806FE5 /* Hopeful.pdf in Resources */,
				D64E5F0A240E9DF40012DEF4 /* Icon-60@3x.png in Resources */,
				D6C3B3FF241F8C2400806FE5 /* Self-Doubting.pdf in Resources */,
				D677D94C2423901E00FAF647 /* Instructions.storyboard in Resources */,
				D69AA85E2439D3D400E6A391 /* Spoilt.pdf in Resources */,
				D69AA8682439D3D400E6A391 /* Patient.pdf in Resources */,
				D6C3B3D2241F8B8B00806FE5 /* Empathetic Joy.pdf in Resources */,
				D69AA86A2439D3D400E6A391 /* Included.pdf in Resources */,
				D6C3B3D4241F8B8B00806FE5 /* Thankful.pdf in Resources */,
				D64E5F15240E9DF50012DEF4 /* Icon-72@2x.png in Resources */,
				D6C3B3FD241F8C2400806FE5 /* Embarrassed.pdf in Resources */,
				D6C3B416241F8C5B00806FE5 /* Confident.pdf in Resources */,
				D69AA86B2439D3D400E6A391 /* Caring.pdf in Resources */,
				D6C3B3ED241F8B9500806FE5 /* Contempt.pdf in Resources */,
				D65D0003240A7466006E35E5 /* SettingsStoryboard.storyboard in Resources */,
				D6C3B3D3241F8B8B00806FE5 /* Compassionate.pdf in Resources */,
				D64E5F0E240E9DF50012DEF4 /* Icon-Small@3x.png in Resources */,
				D6C3B403241F8C2400806FE5 /* Inferior.pdf in Resources */,
				D64E5F17240E9DF50012DEF4 /* Icon-72.png in Resources */,
				D6C3B3FE241F8C2400806FE5 /* Shame.pdf in Resources */,
				D69AA8632439D3D400E6A391 /* Driven.pdf in Resources */,
				D6C3B3EC241F8B9500806FE5 /* Arrogant.pdf in Resources */,
				D6C3B3D9241F8B8B00806FE5 /* Responsible.pdf in Resources */,
				D6C3B40F241F8C5B00806FE5 /* Valued.pdf in Resources */,
				D6F333882438C85600EFC59F /* Gutsy.pdf in Resources */,
				D6C3B3E9241F8B9500806FE5 /* Gloating.pdf in Resources */,
				D6C3B412241F8C5B00806FE5 /* Determined.pdf in Resources */,
				D64E5F08240E9DF40012DEF4 /* Icon@2x.png in Resources */,
				D6C3B3D6241F8B8B00806FE5 /* Belonging.pdf in Resources */,
				D64E5F11240E9DF50012DEF4 /* Icon-Small-40.png in Resources */,
				D64E5F0C240E9DF50012DEF4 /* Icon-60@2x.png in Resources */,
				D6C3B414241F8C5B00806FE5 /* Proud.pdf in Resources */,
				D65DFB15240A6FC9006E35E5 /* LessonImagesViewController.storyboard in Resources */,
				D64E5F06240E9DF40012DEF4 /* Icon-76@2x.png in Resources */,
				D69AA85F2439D3D400E6A391 /* Thrilled.pdf in Resources */,
				D6C3B3FC241F8C2400806FE5 /* Worried.pdf in Resources */,
				D69AA8672439D3D400E6A391 /* Wobbly.pdf in Resources */,
				D6C3B417241F8C5B00806FE5 /* Bold.pdf in Resources */,
				D64E5F07240E9DF40012DEF4 /* Icon-83.5@2x.png in Resources */,
				D65DFF9E240A73A1006E35E5 /* AccessibleInput.storyboard in Resources */,
				D64E5F10240E9DF50012DEF4 /* iTunesArtwork@2x.png in Resources */,
				D6DA94252417760D00B31556 /* ChalkDusterRF.ttf in Resources */,
				D6C3B3E8241F8B9500806FE5 /* Frustrated.pdf in Resources */,
				D65DFFAD240A73EA006E35E5 /* PDFStoryboard.storyboard in Resources */,
				D65DFC99240A723C006E35E5 /* LaunchScreen.storyboard in Resources */,
				D69AA85D2439D3D400E6A391 /* Chuffed.pdf in Resources */,
				D64E5F09240E9DF40012DEF4 /* Icon-Small@2x.png in Resources */,
				D6C3B3E6241F8B9500806FE5 /* Entitled.pdf in Resources */,
				D69AA8722439D47000E6A391 /* protectingMe.pdf in Resources */,
				D65D0024240A74DE006E35E5 /* Notes.storyboard in Resources */,
				D6C3B3EA241F8B9500806FE5 /* Resentful.pdf in Resources */,
				D69AA8642439D3D400E6A391 /* Useless.pdf in Resources */,
				D6C3B3E7241F8B9500806FE5 /* Bored.pdf in Resources */,
				D6C3B3D5241F8B8B00806FE5 /* Trust.pdf in Resources */,
				D6C3B3FB241F8C2400806FE5 /* Overwhelmed.pdf in Resources */,
				D64E5F0D240E9DF50012DEF4 /* Icon-Small-50@2x.png in Resources */,
				D6C3B3EE241F8B9500806FE5 /* Spiteful.pdf in Resources */,
				D64E5F13240E9DF50012DEF4 /* Icon-76.png in Resources */,
				D64E5F0F240E9DF50012DEF4 /* Icon-Small-40@2x.png in Resources */,
				D6C3B418241F8C5B00806FE5 /* Curious.pdf in Resources */,
				D6C3B3FA241F8C2400806FE5 /* Sad.pdf in Resources */,
				D6C3B3D1241F8B8B00806FE5 /* Content.pdf in Resources */,
				D6C3B3D8241F8B8B00806FE5 /* Kind.pdf in Resources */,
				D65DFAEC240A6F32006E35E5 /* Assets.xcassets in Resources */,
				D69AA8652439D3D400E6A391 /* Annoyed.pdf in Resources */,
				D65DFAEA240A6F31006E35E5 /* Main.storyboard in Resources */,
				D64E5F16240E9DF50012DEF4 /* Icon-Small-50.png in Resources */,
				D69AA8712439D47000E6A391 /* connectingMe.pdf in Resources */,
				D69AA8702439D47000E6A391 /* meFirst.pdf in Resources */,
				D69AA8692439D3D400E6A391 /* Flat.pdf in Resources */,
				D6C3B404241F8C2400806FE5 /* Guilty.pdf in Resources */,
				D65DFF96240A7394006E35E5 /* WorkSheet.storyboard in Resources */,
				D6C3B3D7241F8B8B00806FE5 /* Forgiveness.pdf in Resources */,
				D6C3B402241F8C2400806FE5 /* Lonely.pdf in Resources */,
				D69AA8732439D47000E6A391 /* stretchingMe.pdf in Resources */,
				D6C3B401241F8C2400806FE5 /* Humiliated.pdf in Resources */,
				D64E5F12240E9DF50012DEF4 /* Icon-Small.png in Resources */,
				D6C3B413241F8C5B00806FE5 /* Enthusiastic.pdf in Resources */,
				D69AA8612439D3D400E6A391 /* Gracious.pdf in Resources */,
				D65DFFA7240A73C1006E35E5 /* ImageCloseUp.storyboard in Resources */,
				D6C3B3DA241F8B8B00806FE5 /* Playfulness.pdf in Resources */,
				D69AA8602439D3D400E6A391 /* Grudging.pdf in Resources */,
				D64E5F0B240E9DF50012DEF4 /* Icon-Small-40@3x.png in Resources */,
				D6C3B411241F8C5B00806FE5 /* Admiring.pdf in Resources */,
				D69AA8622439D3D400E6A391 /* Sheepish.pdf in Resources */,
				D69AA8662439D3D400E6A391 /* Mean.pdf in Resources */,
				D6C3B3E5241F8B9500806FE5 /* Envy.pdf in Resources */,
				D65D001A240A74BF006E35E5 /* CardSelection.storyboard in Resources */,
			);
			runOnlyForDeploymentPostprocessing = 0;
		};
/* End PBXResourcesBuildPhase section */

/* Begin PBXSourcesBuildPhase section */
		D65DFADD240A6F31006E35E5 /* Sources */ = {
			isa = PBXSourcesBuildPhase;
			buildActionMask = 2147483647;
			files = (
				D65DFFAC240A73EA006E35E5 /* PDFViewController.swift in Sources */,
				D65DFF9D240A73A1006E35E5 /* AccessBoardViewController.swift in Sources */,
				D65DFB17240A6FC9006E35E5 /* LessonNamesViewController.swift in Sources */,
				D65DFB11240A6FC9006E35E5 /* ActivityNavigationController.swift in Sources */,
				D693C75D2418A6AC000A6CDB /* HeartHandbookPDF.swift in Sources */,
				D65DFAFD240A6FBA006E35E5 /* UIView.swift in Sources */,
				D65DFFA4240A73C1006E35E5 /* CloseViewController.swift in Sources */,
				D65D0010240A74A1006E35E5 /* CardSuperview.swift in Sources */,
				D65DFF98240A7394006E35E5 /* WorksheetViewController.swift in Sources */,
				D693C75B2418A670000A6CDB /* PDFSuperView.swift in Sources */,
				D65D0050240A767B006E35E5 /* EmotionItems.swift in Sources */,
				D65DFC97240A721E006E35E5 /* AppDelegate.swift in Sources */,
				D65CA75C2418C2E300D9BC87 /* TypeSetConstants.swift in Sources */,
				D65DFC95240A71FC006E35E5 /* TabBarController.swift in Sources */,
				D65DFB16240A6FC9006E35E5 /* LessonImagesViewController.swift in Sources */,
				D65D0014240A74A1006E35E5 /* FrontCardView.swift in Sources */,
				D6466F00243873A80058B674 /* Collector.swift in Sources */,
				D64780432422564E00325012 /* SaveFileViewController.swift in Sources */,
				D693C7612418A6E6000A6CDB /* LearnerLogPDF.swift in Sources */,
				D65D0011240A74A1006E35E5 /* CardView.swift in Sources */,
				D65D001D240A74BF006E35E5 /* CardSelectionNavigationController.swift in Sources */,
				D65DFB14240A6FC9006E35E5 /* LessonImagesStackView.swift in Sources */,
				D6FEF3492433546D00676682 /* Handbook.swift in Sources */,
				D6595225242C98B600C6F0FC /* DoubleLong.swift in Sources */,
				D65D001C240A74BF006E35E5 /* CardSelectionViewController.swift in Sources */,
				D65D001B240A74BF006E35E5 /* CardSelectionCell.swift in Sources */,
				D61A73EF240CDF6600EF0642 /* AbstractionLayer.swift in Sources */,
				D65D0052240A767B006E35E5 /* Worksheet.swift in Sources */,
				D65D0051240A767B006E35E5 /* Card.swift in Sources */,
				D65D0023240A74DE006E35E5 /* ItemDetailViewController.swift in Sources */,
				D6174278241688FE00DB9127 /* UIImage.swift in Sources */,
				D65DFAFB240A6FBA006E35E5 /* FileManager.swift in Sources */,
				D65D0025240A74DE006E35E5 /* ItemListTableViewCell.swift in Sources */,
				D65DFB18240A6FC9006E35E5 /* LessonViewController.swift in Sources */,
				D65DFFA6240A73C1006E35E5 /* ImagingHelper.swift in Sources */,
				D65DFB19240A6FC9006E35E5 /* MultipleChoiceViewController.swift in Sources */,
				D65D0012240A74A1006E35E5 /* BackCardView.swift in Sources */,
				D67BE756241BAE0000AE2F92 /* UIStackView.swift in Sources */,
				D65DFAFE240A6FBA006E35E5 /* UIViewController.swift in Sources */,
				D65D0026240A74DE006E35E5 /* NotesTableViewController.swift in Sources */,
				D677D94E2423903100FAF647 /* InstructionsViewController.swift in Sources */,
				D65D0004240A7466006E35E5 /* OptionsViewController.swift in Sources */,
				D65DFB12240A6FC9006E35E5 /* CelebrationView.swift in Sources */,
				D65DFAFC240A6FBA006E35E5 /* String.swift in Sources */,
				D65DFB13240A6FC9006E35E5 /* CloseView.swift in Sources */,
				D65DFFA5240A73C1006E35E5 /* ImageServer.swift in Sources */,
			);
			runOnlyForDeploymentPostprocessing = 0;
		};
/* End PBXSourcesBuildPhase section */

/* Begin PBXVariantGroup section */
		D65DFAE8240A6F31006E35E5 /* Main.storyboard */ = {
			isa = PBXVariantGroup;
			children = (
				D65DFAE9240A6F31006E35E5 /* Base */,
			);
			name = Main.storyboard;
			sourceTree = "<group>";
		};
/* End PBXVariantGroup section */

/* Begin XCBuildConfiguration section */
		D65DFAF1240A6F32006E35E5 /* Debug */ = {
			isa = XCBuildConfiguration;
			buildSettings = {
				ALWAYS_SEARCH_USER_PATHS = NO;
				CLANG_ANALYZER_NONNULL = YES;
				CLANG_ANALYZER_NUMBER_OBJECT_CONVERSION = YES_AGGRESSIVE;
				CLANG_CXX_LANGUAGE_STANDARD = "gnu++14";
				CLANG_CXX_LIBRARY = "libc++";
				CLANG_ENABLE_MODULES = YES;
				CLANG_ENABLE_OBJC_ARC = YES;
				CLANG_ENABLE_OBJC_WEAK = YES;
				CLANG_WARN_BLOCK_CAPTURE_AUTORELEASING = YES;
				CLANG_WARN_BOOL_CONVERSION = YES;
				CLANG_WARN_COMMA = YES;
				CLANG_WARN_CONSTANT_CONVERSION = YES;
				CLANG_WARN_DEPRECATED_OBJC_IMPLEMENTATIONS = YES;
				CLANG_WARN_DIRECT_OBJC_ISA_USAGE = YES_ERROR;
				CLANG_WARN_DOCUMENTATION_COMMENTS = YES;
				CLANG_WARN_EMPTY_BODY = YES;
				CLANG_WARN_ENUM_CONVERSION = YES;
				CLANG_WARN_INFINITE_RECURSION = YES;
				CLANG_WARN_INT_CONVERSION = YES;
				CLANG_WARN_NON_LITERAL_NULL_CONVERSION = YES;
				CLANG_WARN_OBJC_IMPLICIT_RETAIN_SELF = YES;
				CLANG_WARN_OBJC_LITERAL_CONVERSION = YES;
				CLANG_WARN_OBJC_ROOT_CLASS = YES_ERROR;
				CLANG_WARN_RANGE_LOOP_ANALYSIS = YES;
				CLANG_WARN_STRICT_PROTOTYPES = YES;
				CLANG_WARN_SUSPICIOUS_MOVE = YES;
				CLANG_WARN_UNGUARDED_AVAILABILITY = YES_AGGRESSIVE;
				CLANG_WARN_UNREACHABLE_CODE = YES;
				CLANG_WARN__DUPLICATE_METHOD_MATCH = YES;
				CODE_SIGN_IDENTITY = "iPhone Developer";
				COPY_PHASE_STRIP = NO;
				DEBUG_INFORMATION_FORMAT = dwarf;
				ENABLE_STRICT_OBJC_MSGSEND = YES;
				ENABLE_TESTABILITY = YES;
				GCC_C_LANGUAGE_STANDARD = gnu11;
				GCC_DYNAMIC_NO_PIC = NO;
				GCC_NO_COMMON_BLOCKS = YES;
				GCC_OPTIMIZATION_LEVEL = 0;
				GCC_PREPROCESSOR_DEFINITIONS = (
					"DEBUG=1",
					"$(inherited)",
				);
				GCC_WARN_64_TO_32_BIT_CONVERSION = YES;
				GCC_WARN_ABOUT_RETURN_TYPE = YES_ERROR;
				GCC_WARN_UNDECLARED_SELECTOR = YES;
				GCC_WARN_UNINITIALIZED_AUTOS = YES_AGGRESSIVE;
				GCC_WARN_UNUSED_FUNCTION = YES;
				GCC_WARN_UNUSED_VARIABLE = YES;
				IPHONEOS_DEPLOYMENT_TARGET = 12.1;
				MTL_ENABLE_DEBUG_INFO = INCLUDE_SOURCE;
				MTL_FAST_MATH = YES;
				ONLY_ACTIVE_ARCH = YES;
				SDKROOT = iphoneos;
				SWIFT_ACTIVE_COMPILATION_CONDITIONS = DEBUG;
				SWIFT_OPTIMIZATION_LEVEL = "-Onone";
			};
			name = Debug;
		};
		D65DFAF2240A6F32006E35E5 /* Release */ = {
			isa = XCBuildConfiguration;
			buildSettings = {
				ALWAYS_SEARCH_USER_PATHS = NO;
				CLANG_ANALYZER_NONNULL = YES;
				CLANG_ANALYZER_NUMBER_OBJECT_CONVERSION = YES_AGGRESSIVE;
				CLANG_CXX_LANGUAGE_STANDARD = "gnu++14";
				CLANG_CXX_LIBRARY = "libc++";
				CLANG_ENABLE_MODULES = YES;
				CLANG_ENABLE_OBJC_ARC = YES;
				CLANG_ENABLE_OBJC_WEAK = YES;
				CLANG_WARN_BLOCK_CAPTURE_AUTORELEASING = YES;
				CLANG_WARN_BOOL_CONVERSION = YES;
				CLANG_WARN_COMMA = YES;
				CLANG_WARN_CONSTANT_CONVERSION = YES;
				CLANG_WARN_DEPRECATED_OBJC_IMPLEMENTATIONS = YES;
				CLANG_WARN_DIRECT_OBJC_ISA_USAGE = YES_ERROR;
				CLANG_WARN_DOCUMENTATION_COMMENTS = YES;
				CLANG_WARN_EMPTY_BODY = YES;
				CLANG_WARN_ENUM_CONVERSION = YES;
				CLANG_WARN_INFINITE_RECURSION = YES;
				CLANG_WARN_INT_CONVERSION = YES;
				CLANG_WARN_NON_LITERAL_NULL_CONVERSION = YES;
				CLANG_WARN_OBJC_IMPLICIT_RETAIN_SELF = YES;
				CLANG_WARN_OBJC_LITERAL_CONVERSION = YES;
				CLANG_WARN_OBJC_ROOT_CLASS = YES_ERROR;
				CLANG_WARN_RANGE_LOOP_ANALYSIS = YES;
				CLANG_WARN_STRICT_PROTOTYPES = YES;
				CLANG_WARN_SUSPICIOUS_MOVE = YES;
				CLANG_WARN_UNGUARDED_AVAILABILITY = YES_AGGRESSIVE;
				CLANG_WARN_UNREACHABLE_CODE = YES;
				CLANG_WARN__DUPLICATE_METHOD_MATCH = YES;
				CODE_SIGN_IDENTITY = "iPhone Developer";
				COPY_PHASE_STRIP = NO;
				DEBUG_INFORMATION_FORMAT = "dwarf-with-dsym";
				ENABLE_NS_ASSERTIONS = NO;
				ENABLE_STRICT_OBJC_MSGSEND = YES;
				GCC_C_LANGUAGE_STANDARD = gnu11;
				GCC_NO_COMMON_BLOCKS = YES;
				GCC_WARN_64_TO_32_BIT_CONVERSION = YES;
				GCC_WARN_ABOUT_RETURN_TYPE = YES_ERROR;
				GCC_WARN_UNDECLARED_SELECTOR = YES;
				GCC_WARN_UNINITIALIZED_AUTOS = YES_AGGRESSIVE;
				GCC_WARN_UNUSED_FUNCTION = YES;
				GCC_WARN_UNUSED_VARIABLE = YES;
				IPHONEOS_DEPLOYMENT_TARGET = 12.1;
				MTL_ENABLE_DEBUG_INFO = NO;
				MTL_FAST_MATH = YES;
				SDKROOT = iphoneos;
				SWIFT_COMPILATION_MODE = wholemodule;
				SWIFT_OPTIMIZATION_LEVEL = "-O";
				VALIDATE_PRODUCT = YES;
			};
			name = Release;
		};
		D65DFAF4240A6F32006E35E5 /* Debug */ = {
			isa = XCBuildConfiguration;
			buildSettings = {
				ASSETCATALOG_COMPILER_APPICON_NAME = AppIcon;
				CODE_SIGN_STYLE = Automatic;
				DEVELOPMENT_TEAM = 86W4UT3P28;
				INFOPLIST_FILE = "Reflector Selector/Info.plist";
				LD_RUNPATH_SEARCH_PATHS = (
					"$(inherited)",
					"@executable_path/Frameworks",
				);
				PRODUCT_BUNDLE_IDENTIFIER = "whatmotivateslearning.com.Reflector-Selector";
				PRODUCT_NAME = "$(TARGET_NAME)";
				SWIFT_VERSION = 4.2;
				TARGETED_DEVICE_FAMILY = 2;
			};
			name = Debug;
		};
		D65DFAF5240A6F32006E35E5 /* Release */ = {
			isa = XCBuildConfiguration;
			buildSettings = {
				ASSETCATALOG_COMPILER_APPICON_NAME = AppIcon;
				CODE_SIGN_STYLE = Automatic;
				DEVELOPMENT_TEAM = 86W4UT3P28;
				INFOPLIST_FILE = "Reflector Selector/Info.plist";
				LD_RUNPATH_SEARCH_PATHS = (
					"$(inherited)",
					"@executable_path/Frameworks",
				);
				PRODUCT_BUNDLE_IDENTIFIER = "whatmotivateslearning.com.Reflector-Selector";
				PRODUCT_NAME = "$(TARGET_NAME)";
				SWIFT_VERSION = 4.2;
				TARGETED_DEVICE_FAMILY = 2;
			};
			name = Release;
		};
/* End XCBuildConfiguration section */

/* Begin XCConfigurationList section */
		D65DFADC240A6F31006E35E5 /* Build configuration list for PBXProject "Reflector Selector" */ = {
			isa = XCConfigurationList;
			buildConfigurations = (
				D65DFAF1240A6F32006E35E5 /* Debug */,
				D65DFAF2240A6F32006E35E5 /* Release */,
			);
			defaultConfigurationIsVisible = 0;
			defaultConfigurationName = Release;
		};
		D65DFAF3240A6F32006E35E5 /* Build configuration list for PBXNativeTarget "Reflector Selector" */ = {
			isa = XCConfigurationList;
			buildConfigurations = (
				D65DFAF4240A6F32006E35E5 /* Debug */,
				D65DFAF5240A6F32006E35E5 /* Release */,
			);
			defaultConfigurationIsVisible = 0;
			defaultConfigurationName = Release;
		};
/* End XCConfigurationList section */
	};
	rootObject = D65DFAD9240A6F31006E35E5 /* Project object */;
}
